
Microsoft Visual Studio Solution File, Format Version 12.00
# Visual Studio Version 17
VisualStudioVersion = 17.5.2.0
MinimumVisualStudioVersion = 10.0.40219.1
Project("{2150E333-8FDC-42A3-9474-1A3956D46DE8}") = "test", "test", "{0C88DD14-F956-CE84-757C-A364CCF449FC}"
EndProject
Project("{2150E333-8FDC-42A3-9474-1A3956D46DE8}") = "samples", "samples", "{5D20AA90-6969-D8BD-9DCD-8634F4692FDA}"
EndProject
Project("{2150E333-8FDC-42A3-9474-1A3956D46DE8}") = "demos", "demos", "{FA8A28C8-4B59-8028-2ACF-626D05B08DB7}"
EndProject
Project("{2150E333-8FDC-42A3-9474-1A3956D46DE8}") = "src", "src", "{827E0CD3-B72D-47B6-A68D-7590B98EB39B}"
EndProject
Project("{FAE04EC0-301F-11D3-BF4B-00C04F79EFBC}") = "Aevatar.Integration.Tests", "test\Aevatar.Integration.Tests\Aevatar.Integration.Tests.csproj", "{748EB379-4BD8-5B84-9ACC-B83377C2A88D}"
EndProject
Project("{FAE04EC0-301F-11D3-BF4B-00C04F79EFBC}") = "Aevatar.Abstractions.Tests", "test\Aevatar.Abstractions.Tests\Aevatar.Abstractions.Tests.csproj", "{EC7E0B70-C645-AA83-7873-F80EE7CE4C37}"
EndProject
Project("{FAE04EC0-301F-11D3-BF4B-00C04F79EFBC}") = "Aevatar.Api.Tests", "test\Aevatar.Api.Tests\Aevatar.Api.Tests.csproj", "{D04979E6-FB8B-BAC6-8573-421A233B3808}"
EndProject
Project("{FAE04EC0-301F-11D3-BF4B-00C04F79EFBC}") = "Aevatar.Core.Tests", "test\Aevatar.Core.Tests\Aevatar.Core.Tests.csproj", "{DE2BF62D-EE48-B605-2264-E97502973D81}"
EndProject
Project("{FAE04EC0-301F-11D3-BF4B-00C04F79EFBC}") = "Aevatar.Sample.Maker", "samples\maker\Aevatar.Sample.Maker.csproj", "{140A9BFB-96E8-FEC0-4ED6-0218EC47AAD1}"
EndProject
Project("{FAE04EC0-301F-11D3-BF4B-00C04F79EFBC}") = "Aevatar.Demo.Cli", "demos\Aevatar.Demo.Cli\Aevatar.Demo.Cli.csproj", "{9805A2D1-240E-54EB-838B-A155AC8C7CCC}"
EndProject
Project("{FAE04EC0-301F-11D3-BF4B-00C04F79EFBC}") = "Aevatar.AI.Skills", "src\Aevatar.AI.Skills\Aevatar.AI.Skills.csproj", "{B1F32478-C569-3E21-2DD2-003BB562E965}"
EndProject
Project("{FAE04EC0-301F-11D3-BF4B-00C04F79EFBC}") = "Aevatar.Gateway", "src\Aevatar.Gateway\Aevatar.Gateway.csproj", "{806E554B-8F93-FB08-24CA-B82215A67153}"
EndProject
Project("{FAE04EC0-301F-11D3-BF4B-00C04F79EFBC}") = "Aevatar.AI.MEAI", "src\Aevatar.AI.MEAI\Aevatar.AI.MEAI.csproj", "{83F3FC7B-3809-4FC4-E0D0-24A78BDC2BA0}"
EndProject
Project("{FAE04EC0-301F-11D3-BF4B-00C04F79EFBC}") = "Aevatar.Config", "src\Aevatar.Config\Aevatar.Config.csproj", "{9D921995-3017-F435-C539-4E148A51C625}"
EndProject
Project("{FAE04EC0-301F-11D3-BF4B-00C04F79EFBC}") = "Aevatar.Api", "src\Aevatar.Api\Aevatar.Api.csproj", "{AFD25D61-A8CC-FEAC-9867-59AF7AA9E2FD}"
EndProject
Project("{FAE04EC0-301F-11D3-BF4B-00C04F79EFBC}") = "Aevatar.AGUI", "src\Aevatar.AGUI\Aevatar.AGUI.csproj", "{F56FCD42-7C8B-DC37-E7AB-69057C373C84}"
EndProject
Project("{FAE04EC0-301F-11D3-BF4B-00C04F79EFBC}") = "Aevatar.AI", "src\Aevatar.AI\Aevatar.AI.csproj", "{50D0AA42-A400-ACA2-CC15-533CEDD8FF93}"
EndProject
Project("{FAE04EC0-301F-11D3-BF4B-00C04F79EFBC}") = "Aevatar.AI.LLMTornado", "src\Aevatar.AI.LLMTornado\Aevatar.AI.LLMTornado.csproj", "{CF5F82E8-1CEB-EBAA-E87E-25F10EC4E90E}"
EndProject
Project("{FAE04EC0-301F-11D3-BF4B-00C04F79EFBC}") = "Aevatar.Cognitive", "src\Aevatar.Cognitive\Aevatar.Cognitive.csproj", "{0FF3E4EE-A541-C34B-018E-A07673F47EC2}"
EndProject
Project("{FAE04EC0-301F-11D3-BF4B-00C04F79EFBC}") = "Aevatar.Abstractions", "src\Aevatar.Abstractions\Aevatar.Abstractions.csproj", "{EC2F3F91-0FE8-F449-03FE-47B64BB65B49}"
EndProject
Project("{FAE04EC0-301F-11D3-BF4B-00C04F79EFBC}") = "Aevatar.Runtime", "src\Aevatar.Runtime\Aevatar.Runtime.csproj", "{1004C82B-6D45-6408-4BAF-665ACF677D16}"
EndProject
Project("{FAE04EC0-301F-11D3-BF4B-00C04F79EFBC}") = "Aevatar.AI.MCP", "src\Aevatar.AI.MCP\Aevatar.AI.MCP.csproj", "{A510C098-C1B6-BD44-9809-B1C69C5A67E0}"
EndProject
Project("{FAE04EC0-301F-11D3-BF4B-00C04F79EFBC}") = "Aevatar.Core", "src\Aevatar.Core\Aevatar.Core.csproj", "{156EE364-74F7-22EA-05A3-4D89B4F376FC}"
EndProject
Project("{FAE04EC0-301F-11D3-BF4B-00C04F79EFBC}") = "Aevatar.Runtime.Orleans", "src\Aevatar.Runtime.Orleans\Aevatar.Runtime.Orleans.csproj", "{15AA6EDA-DF29-4ABE-B93B-F2A6BD76B81D}"
EndProject
Project("{FAE04EC0-301F-11D3-BF4B-00C04F79EFBC}") = "Aevatar.Silo", "src\Aevatar.Silo\Aevatar.Silo.csproj", "{E2FDD672-4E24-4474-9214-7E345C65B85F}"
EndProject
Global
	GlobalSection(SolutionConfigurationPlatforms) = preSolution
		Debug|Any CPU = Debug|Any CPU
		Debug|x64 = Debug|x64
		Debug|x86 = Debug|x86
		Release|Any CPU = Release|Any CPU
		Release|x64 = Release|x64
		Release|x86 = Release|x86
	EndGlobalSection
	GlobalSection(ProjectConfigurationPlatforms) = postSolution
		{748EB379-4BD8-5B84-9ACC-B83377C2A88D}.Debug|Any CPU.ActiveCfg = Debug|Any CPU
		{748EB379-4BD8-5B84-9ACC-B83377C2A88D}.Debug|Any CPU.Build.0 = Debug|Any CPU
		{748EB379-4BD8-5B84-9ACC-B83377C2A88D}.Debug|x64.ActiveCfg = Debug|Any CPU
		{748EB379-4BD8-5B84-9ACC-B83377C2A88D}.Debug|x64.Build.0 = Debug|Any CPU
		{748EB379-4BD8-5B84-9ACC-B83377C2A88D}.Debug|x86.ActiveCfg = Debug|Any CPU
		{748EB379-4BD8-5B84-9ACC-B83377C2A88D}.Debug|x86.Build.0 = Debug|Any CPU
		{748EB379-4BD8-5B84-9ACC-B83377C2A88D}.Release|Any CPU.ActiveCfg = Release|Any CPU
		{748EB379-4BD8-5B84-9ACC-B83377C2A88D}.Release|Any CPU.Build.0 = Release|Any CPU
		{748EB379-4BD8-5B84-9ACC-B83377C2A88D}.Release|x64.ActiveCfg = Release|Any CPU
		{748EB379-4BD8-5B84-9ACC-B83377C2A88D}.Release|x64.Build.0 = Release|Any CPU
		{748EB379-4BD8-5B84-9ACC-B83377C2A88D}.Release|x86.ActiveCfg = Release|Any CPU
		{748EB379-4BD8-5B84-9ACC-B83377C2A88D}.Release|x86.Build.0 = Release|Any CPU
		{EC7E0B70-C645-AA83-7873-F80EE7CE4C37}.Debug|Any CPU.ActiveCfg = Debug|Any CPU
		{EC7E0B70-C645-AA83-7873-F80EE7CE4C37}.Debug|Any CPU.Build.0 = Debug|Any CPU
		{EC7E0B70-C645-AA83-7873-F80EE7CE4C37}.Debug|x64.ActiveCfg = Debug|Any CPU
		{EC7E0B70-C645-AA83-7873-F80EE7CE4C37}.Debug|x64.Build.0 = Debug|Any CPU
		{EC7E0B70-C645-AA83-7873-F80EE7CE4C37}.Debug|x86.ActiveCfg = Debug|Any CPU
		{EC7E0B70-C645-AA83-7873-F80EE7CE4C37}.Debug|x86.Build.0 = Debug|Any CPU
		{EC7E0B70-C645-AA83-7873-F80EE7CE4C37}.Release|Any CPU.ActiveCfg = Release|Any CPU
		{EC7E0B70-C645-AA83-7873-F80EE7CE4C37}.Release|Any CPU.Build.0 = Release|Any CPU
		{EC7E0B70-C645-AA83-7873-F80EE7CE4C37}.Release|x64.ActiveCfg = Release|Any CPU
		{EC7E0B70-C645-AA83-7873-F80EE7CE4C37}.Release|x64.Build.0 = Release|Any CPU
		{EC7E0B70-C645-AA83-7873-F80EE7CE4C37}.Release|x86.ActiveCfg = Release|Any CPU
		{EC7E0B70-C645-AA83-7873-F80EE7CE4C37}.Release|x86.Build.0 = Release|Any CPU
		{D04979E6-FB8B-BAC6-8573-421A233B3808}.Debug|Any CPU.ActiveCfg = Debug|Any CPU
		{D04979E6-FB8B-BAC6-8573-421A233B3808}.Debug|Any CPU.Build.0 = Debug|Any CPU
		{D04979E6-FB8B-BAC6-8573-421A233B3808}.Debug|x64.ActiveCfg = Debug|Any CPU
		{D04979E6-FB8B-BAC6-8573-421A233B3808}.Debug|x64.Build.0 = Debug|Any CPU
		{D04979E6-FB8B-BAC6-8573-421A233B3808}.Debug|x86.ActiveCfg = Debug|Any CPU
		{D04979E6-FB8B-BAC6-8573-421A233B3808}.Debug|x86.Build.0 = Debug|Any CPU
		{D04979E6-FB8B-BAC6-8573-421A233B3808}.Release|Any CPU.ActiveCfg = Release|Any CPU
		{D04979E6-FB8B-BAC6-8573-421A233B3808}.Release|Any CPU.Build.0 = Release|Any CPU
		{D04979E6-FB8B-BAC6-8573-421A233B3808}.Release|x64.ActiveCfg = Release|Any CPU
		{D04979E6-FB8B-BAC6-8573-421A233B3808}.Release|x64.Build.0 = Release|Any CPU
		{D04979E6-FB8B-BAC6-8573-421A233B3808}.Release|x86.ActiveCfg = Release|Any CPU
		{D04979E6-FB8B-BAC6-8573-421A233B3808}.Release|x86.Build.0 = Release|Any CPU
		{DE2BF62D-EE48-B605-2264-E97502973D81}.Debug|Any CPU.ActiveCfg = Debug|Any CPU
		{DE2BF62D-EE48-B605-2264-E97502973D81}.Debug|Any CPU.Build.0 = Debug|Any CPU
		{DE2BF62D-EE48-B605-2264-E97502973D81}.Debug|x64.ActiveCfg = Debug|Any CPU
		{DE2BF62D-EE48-B605-2264-E97502973D81}.Debug|x64.Build.0 = Debug|Any CPU
		{DE2BF62D-EE48-B605-2264-E97502973D81}.Debug|x86.ActiveCfg = Debug|Any CPU
		{DE2BF62D-EE48-B605-2264-E97502973D81}.Debug|x86.Build.0 = Debug|Any CPU
		{DE2BF62D-EE48-B605-2264-E97502973D81}.Release|Any CPU.ActiveCfg = Release|Any CPU
		{DE2BF62D-EE48-B605-2264-E97502973D81}.Release|Any CPU.Build.0 = Release|Any CPU
		{DE2BF62D-EE48-B605-2264-E97502973D81}.Release|x64.ActiveCfg = Release|Any CPU
		{DE2BF62D-EE48-B605-2264-E97502973D81}.Release|x64.Build.0 = Release|Any CPU
		{DE2BF62D-EE48-B605-2264-E97502973D81}.Release|x86.ActiveCfg = Release|Any CPU
		{DE2BF62D-EE48-B605-2264-E97502973D81}.Release|x86.Build.0 = Release|Any CPU
		{140A9BFB-96E8-FEC0-4ED6-0218EC47AAD1}.Debug|Any CPU.ActiveCfg = Debug|Any CPU
		{140A9BFB-96E8-FEC0-4ED6-0218EC47AAD1}.Debug|Any CPU.Build.0 = Debug|Any CPU
		{140A9BFB-96E8-FEC0-4ED6-0218EC47AAD1}.Debug|x64.ActiveCfg = Debug|Any CPU
		{140A9BFB-96E8-FEC0-4ED6-0218EC47AAD1}.Debug|x64.Build.0 = Debug|Any CPU
		{140A9BFB-96E8-FEC0-4ED6-0218EC47AAD1}.Debug|x86.ActiveCfg = Debug|Any CPU
		{140A9BFB-96E8-FEC0-4ED6-0218EC47AAD1}.Debug|x86.Build.0 = Debug|Any CPU
		{140A9BFB-96E8-FEC0-4ED6-0218EC47AAD1}.Release|Any CPU.ActiveCfg = Release|Any CPU
		{140A9BFB-96E8-FEC0-4ED6-0218EC47AAD1}.Release|Any CPU.Build.0 = Release|Any CPU
		{140A9BFB-96E8-FEC0-4ED6-0218EC47AAD1}.Release|x64.ActiveCfg = Release|Any CPU
		{140A9BFB-96E8-FEC0-4ED6-0218EC47AAD1}.Release|x64.Build.0 = Release|Any CPU
		{140A9BFB-96E8-FEC0-4ED6-0218EC47AAD1}.Release|x86.ActiveCfg = Release|Any CPU
		{140A9BFB-96E8-FEC0-4ED6-0218EC47AAD1}.Release|x86.Build.0 = Release|Any CPU
		{9805A2D1-240E-54EB-838B-A155AC8C7CCC}.Debug|Any CPU.ActiveCfg = Debug|Any CPU
		{9805A2D1-240E-54EB-838B-A155AC8C7CCC}.Debug|Any CPU.Build.0 = Debug|Any CPU
		{9805A2D1-240E-54EB-838B-A155AC8C7CCC}.Debug|x64.ActiveCfg = Debug|Any CPU
		{9805A2D1-240E-54EB-838B-A155AC8C7CCC}.Debug|x64.Build.0 = Debug|Any CPU
		{9805A2D1-240E-54EB-838B-A155AC8C7CCC}.Debug|x86.ActiveCfg = Debug|Any CPU
		{9805A2D1-240E-54EB-838B-A155AC8C7CCC}.Debug|x86.Build.0 = Debug|Any CPU
		{9805A2D1-240E-54EB-838B-A155AC8C7CCC}.Release|Any CPU.ActiveCfg = Release|Any CPU
		{9805A2D1-240E-54EB-838B-A155AC8C7CCC}.Release|Any CPU.Build.0 = Release|Any CPU
		{9805A2D1-240E-54EB-838B-A155AC8C7CCC}.Release|x64.ActiveCfg = Release|Any CPU
		{9805A2D1-240E-54EB-838B-A155AC8C7CCC}.Release|x64.Build.0 = Release|Any CPU
		{9805A2D1-240E-54EB-838B-A155AC8C7CCC}.Release|x86.ActiveCfg = Release|Any CPU
		{9805A2D1-240E-54EB-838B-A155AC8C7CCC}.Release|x86.Build.0 = Release|Any CPU
		{B1F32478-C569-3E21-2DD2-003BB562E965}.Debug|Any CPU.ActiveCfg = Debug|Any CPU
		{B1F32478-C569-3E21-2DD2-003BB562E965}.Debug|Any CPU.Build.0 = Debug|Any CPU
		{B1F32478-C569-3E21-2DD2-003BB562E965}.Debug|x64.ActiveCfg = Debug|Any CPU
		{B1F32478-C569-3E21-2DD2-003BB562E965}.Debug|x64.Build.0 = Debug|Any CPU
		{B1F32478-C569-3E21-2DD2-003BB562E965}.Debug|x86.ActiveCfg = Debug|Any CPU
		{B1F32478-C569-3E21-2DD2-003BB562E965}.Debug|x86.Build.0 = Debug|Any CPU
		{B1F32478-C569-3E21-2DD2-003BB562E965}.Release|Any CPU.ActiveCfg = Release|Any CPU
		{B1F32478-C569-3E21-2DD2-003BB562E965}.Release|Any CPU.Build.0 = Release|Any CPU
		{B1F32478-C569-3E21-2DD2-003BB562E965}.Release|x64.ActiveCfg = Release|Any CPU
		{B1F32478-C569-3E21-2DD2-003BB562E965}.Release|x64.Build.0 = Release|Any CPU
		{B1F32478-C569-3E21-2DD2-003BB562E965}.Release|x86.ActiveCfg = Release|Any CPU
		{B1F32478-C569-3E21-2DD2-003BB562E965}.Release|x86.Build.0 = Release|Any CPU
		{806E554B-8F93-FB08-24CA-B82215A67153}.Debug|Any CPU.ActiveCfg = Debug|Any CPU
		{806E554B-8F93-FB08-24CA-B82215A67153}.Debug|Any CPU.Build.0 = Debug|Any CPU
		{806E554B-8F93-FB08-24CA-B82215A67153}.Debug|x64.ActiveCfg = Debug|Any CPU
		{806E554B-8F93-FB08-24CA-B82215A67153}.Debug|x64.Build.0 = Debug|Any CPU
		{806E554B-8F93-FB08-24CA-B82215A67153}.Debug|x86.ActiveCfg = Debug|Any CPU
		{806E554B-8F93-FB08-24CA-B82215A67153}.Debug|x86.Build.0 = Debug|Any CPU
		{806E554B-8F93-FB08-24CA-B82215A67153}.Release|Any CPU.ActiveCfg = Release|Any CPU
		{806E554B-8F93-FB08-24CA-B82215A67153}.Release|Any CPU.Build.0 = Release|Any CPU
		{806E554B-8F93-FB08-24CA-B82215A67153}.Release|x64.ActiveCfg = Release|Any CPU
		{806E554B-8F93-FB08-24CA-B82215A67153}.Release|x64.Build.0 = Release|Any CPU
		{806E554B-8F93-FB08-24CA-B82215A67153}.Release|x86.ActiveCfg = Release|Any CPU
		{806E554B-8F93-FB08-24CA-B82215A67153}.Release|x86.Build.0 = Release|Any CPU
		{83F3FC7B-3809-4FC4-E0D0-24A78BDC2BA0}.Debug|Any CPU.ActiveCfg = Debug|Any CPU
		{83F3FC7B-3809-4FC4-E0D0-24A78BDC2BA0}.Debug|Any CPU.Build.0 = Debug|Any CPU
		{83F3FC7B-3809-4FC4-E0D0-24A78BDC2BA0}.Debug|x64.ActiveCfg = Debug|Any CPU
		{83F3FC7B-3809-4FC4-E0D0-24A78BDC2BA0}.Debug|x64.Build.0 = Debug|Any CPU
		{83F3FC7B-3809-4FC4-E0D0-24A78BDC2BA0}.Debug|x86.ActiveCfg = Debug|Any CPU
		{83F3FC7B-3809-4FC4-E0D0-24A78BDC2BA0}.Debug|x86.Build.0 = Debug|Any CPU
		{83F3FC7B-3809-4FC4-E0D0-24A78BDC2BA0}.Release|Any CPU.ActiveCfg = Release|Any CPU
		{83F3FC7B-3809-4FC4-E0D0-24A78BDC2BA0}.Release|Any CPU.Build.0 = Release|Any CPU
		{83F3FC7B-3809-4FC4-E0D0-24A78BDC2BA0}.Release|x64.ActiveCfg = Release|Any CPU
		{83F3FC7B-3809-4FC4-E0D0-24A78BDC2BA0}.Release|x64.Build.0 = Release|Any CPU
		{83F3FC7B-3809-4FC4-E0D0-24A78BDC2BA0}.Release|x86.ActiveCfg = Release|Any CPU
		{83F3FC7B-3809-4FC4-E0D0-24A78BDC2BA0}.Release|x86.Build.0 = Release|Any CPU
		{9D921995-3017-F435-C539-4E148A51C625}.Debug|Any CPU.ActiveCfg = Debug|Any CPU
		{9D921995-3017-F435-C539-4E148A51C625}.Debug|Any CPU.Build.0 = Debug|Any CPU
		{9D921995-3017-F435-C539-4E148A51C625}.Debug|x64.ActiveCfg = Debug|Any CPU
		{9D921995-3017-F435-C539-4E148A51C625}.Debug|x64.Build.0 = Debug|Any CPU
		{9D921995-3017-F435-C539-4E148A51C625}.Debug|x86.ActiveCfg = Debug|Any CPU
		{9D921995-3017-F435-C539-4E148A51C625}.Debug|x86.Build.0 = Debug|Any CPU
		{9D921995-3017-F435-C539-4E148A51C625}.Release|Any CPU.ActiveCfg = Release|Any CPU
		{9D921995-3017-F435-C539-4E148A51C625}.Release|Any CPU.Build.0 = Release|Any CPU
		{9D921995-3017-F435-C539-4E148A51C625}.Release|x64.ActiveCfg = Release|Any CPU
		{9D921995-3017-F435-C539-4E148A51C625}.Release|x64.Build.0 = Release|Any CPU
		{9D921995-3017-F435-C539-4E148A51C625}.Release|x86.ActiveCfg = Release|Any CPU
		{9D921995-3017-F435-C539-4E148A51C625}.Release|x86.Build.0 = Release|Any CPU
		{AFD25D61-A8CC-FEAC-9867-59AF7AA9E2FD}.Debug|Any CPU.ActiveCfg = Debug|Any CPU
		{AFD25D61-A8CC-FEAC-9867-59AF7AA9E2FD}.Debug|Any CPU.Build.0 = Debug|Any CPU
		{AFD25D61-A8CC-FEAC-9867-59AF7AA9E2FD}.Debug|x64.ActiveCfg = Debug|Any CPU
		{AFD25D61-A8CC-FEAC-9867-59AF7AA9E2FD}.Debug|x64.Build.0 = Debug|Any CPU
		{AFD25D61-A8CC-FEAC-9867-59AF7AA9E2FD}.Debug|x86.ActiveCfg = Debug|Any CPU
		{AFD25D61-A8CC-FEAC-9867-59AF7AA9E2FD}.Debug|x86.Build.0 = Debug|Any CPU
		{AFD25D61-A8CC-FEAC-9867-59AF7AA9E2FD}.Release|Any CPU.ActiveCfg = Release|Any CPU
		{AFD25D61-A8CC-FEAC-9867-59AF7AA9E2FD}.Release|Any CPU.Build.0 = Release|Any CPU
		{AFD25D61-A8CC-FEAC-9867-59AF7AA9E2FD}.Release|x64.ActiveCfg = Release|Any CPU
		{AFD25D61-A8CC-FEAC-9867-59AF7AA9E2FD}.Release|x64.Build.0 = Release|Any CPU
		{AFD25D61-A8CC-FEAC-9867-59AF7AA9E2FD}.Release|x86.ActiveCfg = Release|Any CPU
		{AFD25D61-A8CC-FEAC-9867-59AF7AA9E2FD}.Release|x86.Build.0 = Release|Any CPU
		{F56FCD42-7C8B-DC37-E7AB-69057C373C84}.Debug|Any CPU.ActiveCfg = Debug|Any CPU
		{F56FCD42-7C8B-DC37-E7AB-69057C373C84}.Debug|Any CPU.Build.0 = Debug|Any CPU
		{F56FCD42-7C8B-DC37-E7AB-69057C373C84}.Debug|x64.ActiveCfg = Debug|Any CPU
		{F56FCD42-7C8B-DC37-E7AB-69057C373C84}.Debug|x64.Build.0 = Debug|Any CPU
		{F56FCD42-7C8B-DC37-E7AB-69057C373C84}.Debug|x86.ActiveCfg = Debug|Any CPU
		{F56FCD42-7C8B-DC37-E7AB-69057C373C84}.Debug|x86.Build.0 = Debug|Any CPU
		{F56FCD42-7C8B-DC37-E7AB-69057C373C84}.Release|Any CPU.ActiveCfg = Release|Any CPU
		{F56FCD42-7C8B-DC37-E7AB-69057C373C84}.Release|Any CPU.Build.0 = Release|Any CPU
		{F56FCD42-7C8B-DC37-E7AB-69057C373C84}.Release|x64.ActiveCfg = Release|Any CPU
		{F56FCD42-7C8B-DC37-E7AB-69057C373C84}.Release|x64.Build.0 = Release|Any CPU
		{F56FCD42-7C8B-DC37-E7AB-69057C373C84}.Release|x86.ActiveCfg = Release|Any CPU
		{F56FCD42-7C8B-DC37-E7AB-69057C373C84}.Release|x86.Build.0 = Release|Any CPU
		{50D0AA42-A400-ACA2-CC15-533CEDD8FF93}.Debug|Any CPU.ActiveCfg = Debug|Any CPU
		{50D0AA42-A400-ACA2-CC15-533CEDD8FF93}.Debug|Any CPU.Build.0 = Debug|Any CPU
		{50D0AA42-A400-ACA2-CC15-533CEDD8FF93}.Debug|x64.ActiveCfg = Debug|Any CPU
		{50D0AA42-A400-ACA2-CC15-533CEDD8FF93}.Debug|x64.Build.0 = Debug|Any CPU
		{50D0AA42-A400-ACA2-CC15-533CEDD8FF93}.Debug|x86.ActiveCfg = Debug|Any CPU
		{50D0AA42-A400-ACA2-CC15-533CEDD8FF93}.Debug|x86.Build.0 = Debug|Any CPU
		{50D0AA42-A400-ACA2-CC15-533CEDD8FF93}.Release|Any CPU.ActiveCfg = Release|Any CPU
		{50D0AA42-A400-ACA2-CC15-533CEDD8FF93}.Release|Any CPU.Build.0 = Release|Any CPU
		{50D0AA42-A400-ACA2-CC15-533CEDD8FF93}.Release|x64.ActiveCfg = Release|Any CPU
		{50D0AA42-A400-ACA2-CC15-533CEDD8FF93}.Release|x64.Build.0 = Release|Any CPU
		{50D0AA42-A400-ACA2-CC15-533CEDD8FF93}.Release|x86.ActiveCfg = Release|Any CPU
		{50D0AA42-A400-ACA2-CC15-533CEDD8FF93}.Release|x86.Build.0 = Release|Any CPU
		{CF5F82E8-1CEB-EBAA-E87E-25F10EC4E90E}.Debug|Any CPU.ActiveCfg = Debug|Any CPU
		{CF5F82E8-1CEB-EBAA-E87E-25F10EC4E90E}.Debug|Any CPU.Build.0 = Debug|Any CPU
		{CF5F82E8-1CEB-EBAA-E87E-25F10EC4E90E}.Debug|x64.ActiveCfg = Debug|Any CPU
		{CF5F82E8-1CEB-EBAA-E87E-25F10EC4E90E}.Debug|x64.Build.0 = Debug|Any CPU
		{CF5F82E8-1CEB-EBAA-E87E-25F10EC4E90E}.Debug|x86.ActiveCfg = Debug|Any CPU
		{CF5F82E8-1CEB-EBAA-E87E-25F10EC4E90E}.Debug|x86.Build.0 = Debug|Any CPU
		{CF5F82E8-1CEB-EBAA-E87E-25F10EC4E90E}.Release|Any CPU.ActiveCfg = Release|Any CPU
		{CF5F82E8-1CEB-EBAA-E87E-25F10EC4E90E}.Release|Any CPU.Build.0 = Release|Any CPU
		{CF5F82E8-1CEB-EBAA-E87E-25F10EC4E90E}.Release|x64.ActiveCfg = Release|Any CPU
		{CF5F82E8-1CEB-EBAA-E87E-25F10EC4E90E}.Release|x64.Build.0 = Release|Any CPU
		{CF5F82E8-1CEB-EBAA-E87E-25F10EC4E90E}.Release|x86.ActiveCfg = Release|Any CPU
		{CF5F82E8-1CEB-EBAA-E87E-25F10EC4E90E}.Release|x86.Build.0 = Release|Any CPU
		{0FF3E4EE-A541-C34B-018E-A07673F47EC2}.Debug|Any CPU.ActiveCfg = Debug|Any CPU
		{0FF3E4EE-A541-C34B-018E-A07673F47EC2}.Debug|Any CPU.Build.0 = Debug|Any CPU
		{0FF3E4EE-A541-C34B-018E-A07673F47EC2}.Debug|x64.ActiveCfg = Debug|Any CPU
		{0FF3E4EE-A541-C34B-018E-A07673F47EC2}.Debug|x64.Build.0 = Debug|Any CPU
		{0FF3E4EE-A541-C34B-018E-A07673F47EC2}.Debug|x86.ActiveCfg = Debug|Any CPU
		{0FF3E4EE-A541-C34B-018E-A07673F47EC2}.Debug|x86.Build.0 = Debug|Any CPU
		{0FF3E4EE-A541-C34B-018E-A07673F47EC2}.Release|Any CPU.ActiveCfg = Release|Any CPU
		{0FF3E4EE-A541-C34B-018E-A07673F47EC2}.Release|Any CPU.Build.0 = Release|Any CPU
		{0FF3E4EE-A541-C34B-018E-A07673F47EC2}.Release|x64.ActiveCfg = Release|Any CPU
		{0FF3E4EE-A541-C34B-018E-A07673F47EC2}.Release|x64.Build.0 = Release|Any CPU
		{0FF3E4EE-A541-C34B-018E-A07673F47EC2}.Release|x86.ActiveCfg = Release|Any CPU
		{0FF3E4EE-A541-C34B-018E-A07673F47EC2}.Release|x86.Build.0 = Release|Any CPU
		{EC2F3F91-0FE8-F449-03FE-47B64BB65B49}.Debug|Any CPU.ActiveCfg = Debug|Any CPU
		{EC2F3F91-0FE8-F449-03FE-47B64BB65B49}.Debug|Any CPU.Build.0 = Debug|Any CPU
		{EC2F3F91-0FE8-F449-03FE-47B64BB65B49}.Debug|x64.ActiveCfg = Debug|Any CPU
		{EC2F3F91-0FE8-F449-03FE-47B64BB65B49}.Debug|x64.Build.0 = Debug|Any CPU
		{EC2F3F91-0FE8-F449-03FE-47B64BB65B49}.Debug|x86.ActiveCfg = Debug|Any CPU
		{EC2F3F91-0FE8-F449-03FE-47B64BB65B49}.Debug|x86.Build.0 = Debug|Any CPU
		{EC2F3F91-0FE8-F449-03FE-47B64BB65B49}.Release|Any CPU.ActiveCfg = Release|Any CPU
		{EC2F3F91-0FE8-F449-03FE-47B64BB65B49}.Release|Any CPU.Build.0 = Release|Any CPU
		{EC2F3F91-0FE8-F449-03FE-47B64BB65B49}.Release|x64.ActiveCfg = Release|Any CPU
		{EC2F3F91-0FE8-F449-03FE-47B64BB65B49}.Release|x64.Build.0 = Release|Any CPU
		{EC2F3F91-0FE8-F449-03FE-47B64BB65B49}.Release|x86.ActiveCfg = Release|Any CPU
		{EC2F3F91-0FE8-F449-03FE-47B64BB65B49}.Release|x86.Build.0 = Release|Any CPU
		{1004C82B-6D45-6408-4BAF-665ACF677D16}.Debug|Any CPU.ActiveCfg = Debug|Any CPU
		{1004C82B-6D45-6408-4BAF-665ACF677D16}.Debug|Any CPU.Build.0 = Debug|Any CPU
		{1004C82B-6D45-6408-4BAF-665ACF677D16}.Debug|x64.ActiveCfg = Debug|Any CPU
		{1004C82B-6D45-6408-4BAF-665ACF677D16}.Debug|x64.Build.0 = Debug|Any CPU
		{1004C82B-6D45-6408-4BAF-665ACF677D16}.Debug|x86.ActiveCfg = Debug|Any CPU
		{1004C82B-6D45-6408-4BAF-665ACF677D16}.Debug|x86.Build.0 = Debug|Any CPU
		{1004C82B-6D45-6408-4BAF-665ACF677D16}.Release|Any CPU.ActiveCfg = Release|Any CPU
		{1004C82B-6D45-6408-4BAF-665ACF677D16}.Release|Any CPU.Build.0 = Release|Any CPU
		{1004C82B-6D45-6408-4BAF-665ACF677D16}.Release|x64.ActiveCfg = Release|Any CPU
		{1004C82B-6D45-6408-4BAF-665ACF677D16}.Release|x64.Build.0 = Release|Any CPU
		{1004C82B-6D45-6408-4BAF-665ACF677D16}.Release|x86.ActiveCfg = Release|Any CPU
		{1004C82B-6D45-6408-4BAF-665ACF677D16}.Release|x86.Build.0 = Release|Any CPU
		{A510C098-C1B6-BD44-9809-B1C69C5A67E0}.Debug|Any CPU.ActiveCfg = Debug|Any CPU
		{A510C098-C1B6-BD44-9809-B1C69C5A67E0}.Debug|Any CPU.Build.0 = Debug|Any CPU
		{A510C098-C1B6-BD44-9809-B1C69C5A67E0}.Debug|x64.ActiveCfg = Debug|Any CPU
		{A510C098-C1B6-BD44-9809-B1C69C5A67E0}.Debug|x64.Build.0 = Debug|Any CPU
		{A510C098-C1B6-BD44-9809-B1C69C5A67E0}.Debug|x86.ActiveCfg = Debug|Any CPU
		{A510C098-C1B6-BD44-9809-B1C69C5A67E0}.Debug|x86.Build.0 = Debug|Any CPU
		{A510C098-C1B6-BD44-9809-B1C69C5A67E0}.Release|Any CPU.ActiveCfg = Release|Any CPU
		{A510C098-C1B6-BD44-9809-B1C69C5A67E0}.Release|Any CPU.Build.0 = Release|Any CPU
		{A510C098-C1B6-BD44-9809-B1C69C5A67E0}.Release|x64.ActiveCfg = Release|Any CPU
		{A510C098-C1B6-BD44-9809-B1C69C5A67E0}.Release|x64.Build.0 = Release|Any CPU
		{A510C098-C1B6-BD44-9809-B1C69C5A67E0}.Release|x86.ActiveCfg = Release|Any CPU
		{A510C098-C1B6-BD44-9809-B1C69C5A67E0}.Release|x86.Build.0 = Release|Any CPU
		{156EE364-74F7-22EA-05A3-4D89B4F376FC}.Debug|Any CPU.ActiveCfg = Debug|Any CPU
		{156EE364-74F7-22EA-05A3-4D89B4F376FC}.Debug|Any CPU.Build.0 = Debug|Any CPU
		{156EE364-74F7-22EA-05A3-4D89B4F376FC}.Debug|x64.ActiveCfg = Debug|Any CPU
		{156EE364-74F7-22EA-05A3-4D89B4F376FC}.Debug|x64.Build.0 = Debug|Any CPU
		{156EE364-74F7-22EA-05A3-4D89B4F376FC}.Debug|x86.ActiveCfg = Debug|Any CPU
		{156EE364-74F7-22EA-05A3-4D89B4F376FC}.Debug|x86.Build.0 = Debug|Any CPU
		{156EE364-74F7-22EA-05A3-4D89B4F376FC}.Release|Any CPU.ActiveCfg = Release|Any CPU
		{156EE364-74F7-22EA-05A3-4D89B4F376FC}.Release|Any CPU.Build.0 = Release|Any CPU
		{156EE364-74F7-22EA-05A3-4D89B4F376FC}.Release|x64.ActiveCfg = Release|Any CPU
		{156EE364-74F7-22EA-05A3-4D89B4F376FC}.Release|x64.Build.0 = Release|Any CPU
		{156EE364-74F7-22EA-05A3-4D89B4F376FC}.Release|x86.ActiveCfg = Release|Any CPU
		{156EE364-74F7-22EA-05A3-4D89B4F376FC}.Release|x86.Build.0 = Release|Any CPU
		{15AA6EDA-DF29-4ABE-B93B-F2A6BD76B81D}.Debug|Any CPU.ActiveCfg = Debug|Any CPU
		{15AA6EDA-DF29-4ABE-B93B-F2A6BD76B81D}.Debug|Any CPU.Build.0 = Debug|Any CPU
		{15AA6EDA-DF29-4ABE-B93B-F2A6BD76B81D}.Debug|x64.ActiveCfg = Debug|Any CPU
		{15AA6EDA-DF29-4ABE-B93B-F2A6BD76B81D}.Debug|x64.Build.0 = Debug|Any CPU
		{15AA6EDA-DF29-4ABE-B93B-F2A6BD76B81D}.Debug|x86.ActiveCfg = Debug|Any CPU
		{15AA6EDA-DF29-4ABE-B93B-F2A6BD76B81D}.Debug|x86.Build.0 = Debug|Any CPU
		{15AA6EDA-DF29-4ABE-B93B-F2A6BD76B81D}.Release|Any CPU.ActiveCfg = Release|Any CPU
		{15AA6EDA-DF29-4ABE-B93B-F2A6BD76B81D}.Release|Any CPU.Build.0 = Release|Any CPU
		{15AA6EDA-DF29-4ABE-B93B-F2A6BD76B81D}.Release|x64.ActiveCfg = Release|Any CPU
		{15AA6EDA-DF29-4ABE-B93B-F2A6BD76B81D}.Release|x64.Build.0 = Release|Any CPU
		{15AA6EDA-DF29-4ABE-B93B-F2A6BD76B81D}.Release|x86.ActiveCfg = Release|Any CPU
		{15AA6EDA-DF29-4ABE-B93B-F2A6BD76B81D}.Release|x86.Build.0 = Release|Any CPU
		{E2FDD672-4E24-4474-9214-7E345C65B85F}.Debug|Any CPU.ActiveCfg = Debug|Any CPU
		{E2FDD672-4E24-4474-9214-7E345C65B85F}.Debug|Any CPU.Build.0 = Debug|Any CPU
		{E2FDD672-4E24-4474-9214-7E345C65B85F}.Debug|x64.ActiveCfg = Debug|Any CPU
		{E2FDD672-4E24-4474-9214-7E345C65B85F}.Debug|x64.Build.0 = Debug|Any CPU
		{E2FDD672-4E24-4474-9214-7E345C65B85F}.Debug|x86.ActiveCfg = Debug|Any CPU
		{E2FDD672-4E24-4474-9214-7E345C65B85F}.Debug|x86.Build.0 = Debug|Any CPU
		{E2FDD672-4E24-4474-9214-7E345C65B85F}.Release|Any CPU.ActiveCfg = Release|Any CPU
		{E2FDD672-4E24-4474-9214-7E345C65B85F}.Release|Any CPU.Build.0 = Release|Any CPU
		{E2FDD672-4E24-4474-9214-7E345C65B85F}.Release|x64.ActiveCfg = Release|Any CPU
		{E2FDD672-4E24-4474-9214-7E345C65B85F}.Release|x64.Build.0 = Release|Any CPU
		{E2FDD672-4E24-4474-9214-7E345C65B85F}.Release|x86.ActiveCfg = Release|Any CPU
		{E2FDD672-4E24-4474-9214-7E345C65B85F}.Release|x86.Build.0 = Release|Any CPU
	EndGlobalSection
	GlobalSection(SolutionProperties) = preSolution
		HideSolutionNode = FALSE
	EndGlobalSection
	GlobalSection(NestedProjects) = preSolution
		{748EB379-4BD8-5B84-9ACC-B83377C2A88D} = {0C88DD14-F956-CE84-757C-A364CCF449FC}
		{EC7E0B70-C645-AA83-7873-F80EE7CE4C37} = {0C88DD14-F956-CE84-757C-A364CCF449FC}
		{D04979E6-FB8B-BAC6-8573-421A233B3808} = {0C88DD14-F956-CE84-757C-A364CCF449FC}
		{DE2BF62D-EE48-B605-2264-E97502973D81} = {0C88DD14-F956-CE84-757C-A364CCF449FC}
		{140A9BFB-96E8-FEC0-4ED6-0218EC47AAD1} = {5D20AA90-6969-D8BD-9DCD-8634F4692FDA}
		{9805A2D1-240E-54EB-838B-A155AC8C7CCC} = {FA8A28C8-4B59-8028-2ACF-626D05B08DB7}
		{B1F32478-C569-3E21-2DD2-003BB562E965} = {827E0CD3-B72D-47B6-A68D-7590B98EB39B}
		{806E554B-8F93-FB08-24CA-B82215A67153} = {827E0CD3-B72D-47B6-A68D-7590B98EB39B}
		{83F3FC7B-3809-4FC4-E0D0-24A78BDC2BA0} = {827E0CD3-B72D-47B6-A68D-7590B98EB39B}
		{9D921995-3017-F435-C539-4E148A51C625} = {827E0CD3-B72D-47B6-A68D-7590B98EB39B}
		{AFD25D61-A8CC-FEAC-9867-59AF7AA9E2FD} = {827E0CD3-B72D-47B6-A68D-7590B98EB39B}
		{F56FCD42-7C8B-DC37-E7AB-69057C373C84} = {827E0CD3-B72D-47B6-A68D-7590B98EB39B}
		{50D0AA42-A400-ACA2-CC15-533CEDD8FF93} = {827E0CD3-B72D-47B6-A68D-7590B98EB39B}
		{CF5F82E8-1CEB-EBAA-E87E-25F10EC4E90E} = {827E0CD3-B72D-47B6-A68D-7590B98EB39B}
		{0FF3E4EE-A541-C34B-018E-A07673F47EC2} = {827E0CD3-B72D-47B6-A68D-7590B98EB39B}
		{EC2F3F91-0FE8-F449-03FE-47B64BB65B49} = {827E0CD3-B72D-47B6-A68D-7590B98EB39B}
		{1004C82B-6D45-6408-4BAF-665ACF677D16} = {827E0CD3-B72D-47B6-A68D-7590B98EB39B}
		{A510C098-C1B6-BD44-9809-B1C69C5A67E0} = {827E0CD3-B72D-47B6-A68D-7590B98EB39B}
		{156EE364-74F7-22EA-05A3-4D89B4F376FC} = {827E0CD3-B72D-47B6-A68D-7590B98EB39B}
		{15AA6EDA-DF29-4ABE-B93B-F2A6BD76B81D} = {827E0CD3-B72D-47B6-A68D-7590B98EB39B}
		{E2FDD672-4E24-4474-9214-7E345C65B85F} = {827E0CD3-B72D-47B6-A68D-7590B98EB39B}
	EndGlobalSection
	GlobalSection(ExtensibilityGlobals) = postSolution
		SolutionGuid = {EA11C864-4448-4252-9CFA-011CB703FD5C}
	EndGlobalSection
EndGlobal
