
Microsoft Visual Studio Solution File, Format Version 12.00
# Visual Studio Version 17
VisualStudioVersion = 17.5.2.0
MinimumVisualStudioVersion = 10.0.40219.1
Project("{2150E333-8FDC-42A3-9474-1A3956D46DE8}") = "tools", "tools", "{07C2787E-EAC7-C090-1BA3-A61EC2A24D84}"
EndProject
Project("{2150E333-8FDC-42A3-9474-1A3956D46DE8}") = "test", "test", "{0C88DD14-F956-CE84-757C-A364CCF449FC}"
EndProject
Project("{2150E333-8FDC-42A3-9474-1A3956D46DE8}") = "demos", "demos", "{FA8A28C8-4B59-8028-2ACF-626D05B08DB7}"
EndProject
Project("{2150E333-8FDC-42A3-9474-1A3956D46DE8}") = "src", "src", "{827E0CD3-B72D-47B6-A68D-7590B98EB39B}"
EndProject
Project("{FAE04EC0-301F-11D3-BF4B-00C04F79EFBC}") = "Aevatar.Tools.Config", "tools\Aevatar.Tools.Config\Aevatar.Tools.Config.csproj", "{260217C1-7BF3-9E64-924F-73F3C39B3DD9}"
EndProject
Project("{FAE04EC0-301F-11D3-BF4B-00C04F79EFBC}") = "Aevatar.Host.Api.Tests", "test\Aevatar.Host.Api.Tests\Aevatar.Host.Api.Tests.csproj", "{5FBF5E6C-1FD9-23A8-273F-F1D8ECA2BDBA}"
EndProject
Project("{FAE04EC0-301F-11D3-BF4B-00C04F79EFBC}") = "Aevatar.Foundation.Core.Tests", "test\Aevatar.Foundation.Core.Tests\Aevatar.Foundation.Core.Tests.csproj", "{91377FCD-C16F-DB7A-4339-F7075EAA263C}"
EndProject
Project("{FAE04EC0-301F-11D3-BF4B-00C04F79EFBC}") = "Aevatar.Integration.Tests", "test\Aevatar.Integration.Tests\Aevatar.Integration.Tests.csproj", "{748EB379-4BD8-5B84-9ACC-B83377C2A88D}"
EndProject
Project("{FAE04EC0-301F-11D3-BF4B-00C04F79EFBC}") = "Aevatar.Foundation.Abstractions.Tests", "test\Aevatar.Foundation.Abstractions.Tests\Aevatar.Foundation.Abstractions.Tests.csproj", "{F7077A4E-909A-A8A8-AE76-DFB334B1931D}"
EndProject
Project("{FAE04EC0-301F-11D3-BF4B-00C04F79EFBC}") = "Aevatar.Demos.Maker", "demos\Aevatar.Demos.Maker\Aevatar.Demos.Maker.csproj", "{7E558B6D-FAF3-9D44-7003-32608EE62C22}"
EndProject
Project("{FAE04EC0-301F-11D3-BF4B-00C04F79EFBC}") = "Aevatar.Demos.Cli", "demos\Aevatar.Demos.Cli\Aevatar.Demos.Cli.csproj", "{DFC846F5-8806-E488-BB37-95E350C0216F}"
EndProject
Project("{FAE04EC0-301F-11D3-BF4B-00C04F79EFBC}") = "Aevatar.CQRS.Projection.Abstractions", "src\Aevatar.CQRS.Projection.Abstractions\Aevatar.CQRS.Projection.Abstractions.csproj", "{69B0B48D-1173-3283-B229-722E327186CB}"
EndProject
Project("{FAE04EC0-301F-11D3-BF4B-00C04F79EFBC}") = "Aevatar.AI.ToolProviders.MCP", "src\Aevatar.AI.ToolProviders.MCP\Aevatar.AI.ToolProviders.MCP.csproj", "{B7F0D4A8-5F0A-5F91-86FA-4C6A99FE1D69}"
EndProject
Project("{FAE04EC0-301F-11D3-BF4B-00C04F79EFBC}") = "Aevatar.Foundation.Abstractions", "src\Aevatar.Foundation.Abstractions\Aevatar.Foundation.Abstractions.csproj", "{0E8FFA2F-8C93-453C-FF3C-24617CD6D860}"
EndProject
Project("{FAE04EC0-301F-11D3-BF4B-00C04F79EFBC}") = "Aevatar.Presentation.AGUI", "src\Aevatar.Presentation.AGUI\Aevatar.Presentation.AGUI.csproj", "{AD728FED-4BB6-DA4F-604B-177077217B25}"
EndProject
Project("{FAE04EC0-301F-11D3-BF4B-00C04F79EFBC}") = "Aevatar.AI.Core", "src\Aevatar.AI.Core\Aevatar.AI.Core.csproj", "{5EF4AEC8-4FE9-270F-A4BF-A714BC47A8A7}"
EndProject
Project("{FAE04EC0-301F-11D3-BF4B-00C04F79EFBC}") = "Aevatar.Workflow.Core", "src\workflow\Aevatar.Workflow.Core\Aevatar.Workflow.Core.csproj", "{C4D47FCA-A33D-AAED-22BA-F02078E466DD}"
EndProject
Project("{FAE04EC0-301F-11D3-BF4B-00C04F79EFBC}") = "Aevatar.Host.Api", "src\Aevatar.Host.Api\Aevatar.Host.Api.csproj", "{1F9E7139-8D7E-61A0-9EC4-EB5D0E8FB587}"
EndProject
Project("{FAE04EC0-301F-11D3-BF4B-00C04F79EFBC}") = "Aevatar.AI.ToolProviders.Skills", "src\Aevatar.AI.ToolProviders.Skills\Aevatar.AI.ToolProviders.Skills.csproj", "{49A24759-7A39-3252-435D-D178D86B7FC0}"
EndProject
Project("{FAE04EC0-301F-11D3-BF4B-00C04F79EFBC}") = "Aevatar.Host.Gateway", "src\Aevatar.Host.Gateway\Aevatar.Host.Gateway.csproj", "{4C77EDC7-7675-A3BF-3188-74EB7029746F}"
EndProject
Project("{FAE04EC0-301F-11D3-BF4B-00C04F79EFBC}") = "Aevatar.Bootstrap", "src\Aevatar.Bootstrap\Aevatar.Bootstrap.csproj", "{9029A732-D418-4D64-89FD-1E2F6691E183}"
EndProject
Project("{FAE04EC0-301F-11D3-BF4B-00C04F79EFBC}") = "Aevatar.Foundation.Core", "src\Aevatar.Foundation.Core\Aevatar.Foundation.Core.csproj", "{C2879623-112F-FDBF-C99A-8D7657CA002E}"
EndProject
Project("{FAE04EC0-301F-11D3-BF4B-00C04F79EFBC}") = "Aevatar.AI.LLMProviders.Tornado", "src\Aevatar.AI.LLMProviders.Tornado\Aevatar.AI.LLMProviders.Tornado.csproj", "{FE04A413-2549-6641-DA12-3217A35EF9CE}"
EndProject
Project("{FAE04EC0-301F-11D3-BF4B-00C04F79EFBC}") = "Aevatar.Configuration", "src\Aevatar.Configuration\Aevatar.Configuration.csproj", "{F9EF7BCD-B368-BAA1-1CBF-1666981C3006}"
EndProject
Project("{FAE04EC0-301F-11D3-BF4B-00C04F79EFBC}") = "Aevatar.Foundation.Runtime", "src\Aevatar.Foundation.Runtime\Aevatar.Foundation.Runtime.csproj", "{E464C244-6DEB-0CD0-C9B8-4BA41094154C}"
EndProject
Project("{FAE04EC0-301F-11D3-BF4B-00C04F79EFBC}") = "Aevatar.AI.LLMProviders.MEAI", "src\Aevatar.AI.LLMProviders.MEAI\Aevatar.AI.LLMProviders.MEAI.csproj", "{8AA55EBD-6C2E-852D-C8F3-3EF7CF94C222}"
EndProject
Project("{FAE04EC0-301F-11D3-BF4B-00C04F79EFBC}") = "Aevatar.CQRS.Projection.Core", "src\Aevatar.CQRS.Projection.Core\Aevatar.CQRS.Projection.Core.csproj", "{696FEF61-6439-7319-0E8D-F710E9034FFA}"
EndProject
Project("{FAE04EC0-301F-11D3-BF4B-00C04F79EFBC}") = "Aevatar.AI.Abstractions", "src\Aevatar.AI.Abstractions\Aevatar.AI.Abstractions.csproj", "{42CA4449-727F-2DBB-D373-ECB315D84F28}"
EndProject
Project("{FAE04EC0-301F-11D3-BF4B-00C04F79EFBC}") = "Aevatar.Workflow.Projection", "src\workflow\Aevatar.Workflow.Projection\Aevatar.Workflow.Projection.csproj", "{F9B61BD4-650C-4BF4-9814-22EE5E5A6DC7}"
EndProject
Project("{FAE04EC0-301F-11D3-BF4B-00C04F79EFBC}") = "Aevatar.Demos.CaseProjection.Abstractions", "demos\Aevatar.Demos.CaseProjection.Abstractions\Aevatar.Demos.CaseProjection.Abstractions.csproj", "{9AA68784-537C-4878-875C-5D29F3ECFBF3}"
EndProject
Project("{FAE04EC0-301F-11D3-BF4B-00C04F79EFBC}") = "Aevatar.Demos.CaseProjection", "demos\Aevatar.Demos.CaseProjection\Aevatar.Demos.CaseProjection.csproj", "{430F5169-E7C6-476E-B95E-0770BB881F9B}"
EndProject
Project("{FAE04EC0-301F-11D3-BF4B-00C04F79EFBC}") = "Aevatar.Demos.CaseProjection.Extensions.Sla", "demos\Aevatar.Demos.CaseProjection.Extensions.Sla\Aevatar.Demos.CaseProjection.Extensions.Sla.csproj", "{7E0CBD82-93D7-4935-8AAC-FF89EF894B99}"
EndProject
Project("{FAE04EC0-301F-11D3-BF4B-00C04F79EFBC}") = "Aevatar.Demos.CaseProjection.Host", "demos\Aevatar.Demos.CaseProjection.Host\Aevatar.Demos.CaseProjection.Host.csproj", "{F25E14EA-78AC-40CF-A63E-FBAD44174CF4}"
EndProject
Project("{FAE04EC0-301F-11D3-BF4B-00C04F79EFBC}") = "Aevatar.Workflow.Presentation.AGUIAdapter", "src\workflow\Aevatar.Workflow.Presentation.AGUIAdapter\Aevatar.Workflow.Presentation.AGUIAdapter.csproj", "{405559DE-FD53-4DB1-B6A4-465625049594}"
EndProject
Project("{2150E333-8FDC-42A3-9474-1A3956D46DE8}") = "workflow", "workflow", "{5581274B-02F6-C591-4A9B-D5600EAF20C0}"
EndProject
Project("{FAE04EC0-301F-11D3-BF4B-00C04F79EFBC}") = "Aevatar.Workflow.Application.Abstractions", "src\workflow\Aevatar.Workflow.Application.Abstractions\Aevatar.Workflow.Application.Abstractions.csproj", "{621C7F20-0496-4B24-9B0C-D31744D8022B}"
EndProject
Project("{FAE04EC0-301F-11D3-BF4B-00C04F79EFBC}") = "Aevatar.Workflow.Application", "src\workflow\Aevatar.Workflow.Application\Aevatar.Workflow.Application.csproj", "{E74D67AE-FE69-4892-9935-B7D4CDF47245}"
EndProject
Global
	GlobalSection(SolutionConfigurationPlatforms) = preSolution
		Debug|Any CPU = Debug|Any CPU
		Debug|x64 = Debug|x64
		Debug|x86 = Debug|x86
		Release|Any CPU = Release|Any CPU
		Release|x64 = Release|x64
		Release|x86 = Release|x86
	EndGlobalSection
	GlobalSection(ProjectConfigurationPlatforms) = postSolution
		{260217C1-7BF3-9E64-924F-73F3C39B3DD9}.Debug|Any CPU.ActiveCfg = Debug|Any CPU
		{260217C1-7BF3-9E64-924F-73F3C39B3DD9}.Debug|Any CPU.Build.0 = Debug|Any CPU
		{260217C1-7BF3-9E64-924F-73F3C39B3DD9}.Debug|x64.ActiveCfg = Debug|Any CPU
		{260217C1-7BF3-9E64-924F-73F3C39B3DD9}.Debug|x64.Build.0 = Debug|Any CPU
		{260217C1-7BF3-9E64-924F-73F3C39B3DD9}.Debug|x86.ActiveCfg = Debug|Any CPU
		{260217C1-7BF3-9E64-924F-73F3C39B3DD9}.Debug|x86.Build.0 = Debug|Any CPU
		{260217C1-7BF3-9E64-924F-73F3C39B3DD9}.Release|Any CPU.ActiveCfg = Release|Any CPU
		{260217C1-7BF3-9E64-924F-73F3C39B3DD9}.Release|Any CPU.Build.0 = Release|Any CPU
		{260217C1-7BF3-9E64-924F-73F3C39B3DD9}.Release|x64.ActiveCfg = Release|Any CPU
		{260217C1-7BF3-9E64-924F-73F3C39B3DD9}.Release|x64.Build.0 = Release|Any CPU
		{260217C1-7BF3-9E64-924F-73F3C39B3DD9}.Release|x86.ActiveCfg = Release|Any CPU
		{260217C1-7BF3-9E64-924F-73F3C39B3DD9}.Release|x86.Build.0 = Release|Any CPU
		{5FBF5E6C-1FD9-23A8-273F-F1D8ECA2BDBA}.Debug|Any CPU.ActiveCfg = Debug|Any CPU
		{5FBF5E6C-1FD9-23A8-273F-F1D8ECA2BDBA}.Debug|Any CPU.Build.0 = Debug|Any CPU
		{5FBF5E6C-1FD9-23A8-273F-F1D8ECA2BDBA}.Debug|x64.ActiveCfg = Debug|Any CPU
		{5FBF5E6C-1FD9-23A8-273F-F1D8ECA2BDBA}.Debug|x64.Build.0 = Debug|Any CPU
		{5FBF5E6C-1FD9-23A8-273F-F1D8ECA2BDBA}.Debug|x86.ActiveCfg = Debug|Any CPU
		{5FBF5E6C-1FD9-23A8-273F-F1D8ECA2BDBA}.Debug|x86.Build.0 = Debug|Any CPU
		{5FBF5E6C-1FD9-23A8-273F-F1D8ECA2BDBA}.Release|Any CPU.ActiveCfg = Release|Any CPU
		{5FBF5E6C-1FD9-23A8-273F-F1D8ECA2BDBA}.Release|Any CPU.Build.0 = Release|Any CPU
		{5FBF5E6C-1FD9-23A8-273F-F1D8ECA2BDBA}.Release|x64.ActiveCfg = Release|Any CPU
		{5FBF5E6C-1FD9-23A8-273F-F1D8ECA2BDBA}.Release|x64.Build.0 = Release|Any CPU
		{5FBF5E6C-1FD9-23A8-273F-F1D8ECA2BDBA}.Release|x86.ActiveCfg = Release|Any CPU
		{5FBF5E6C-1FD9-23A8-273F-F1D8ECA2BDBA}.Release|x86.Build.0 = Release|Any CPU
		{91377FCD-C16F-DB7A-4339-F7075EAA263C}.Debug|Any CPU.ActiveCfg = Debug|Any CPU
		{91377FCD-C16F-DB7A-4339-F7075EAA263C}.Debug|Any CPU.Build.0 = Debug|Any CPU
		{91377FCD-C16F-DB7A-4339-F7075EAA263C}.Debug|x64.ActiveCfg = Debug|Any CPU
		{91377FCD-C16F-DB7A-4339-F7075EAA263C}.Debug|x64.Build.0 = Debug|Any CPU
		{91377FCD-C16F-DB7A-4339-F7075EAA263C}.Debug|x86.ActiveCfg = Debug|Any CPU
		{91377FCD-C16F-DB7A-4339-F7075EAA263C}.Debug|x86.Build.0 = Debug|Any CPU
		{91377FCD-C16F-DB7A-4339-F7075EAA263C}.Release|Any CPU.ActiveCfg = Release|Any CPU
		{91377FCD-C16F-DB7A-4339-F7075EAA263C}.Release|Any CPU.Build.0 = Release|Any CPU
		{91377FCD-C16F-DB7A-4339-F7075EAA263C}.Release|x64.ActiveCfg = Release|Any CPU
		{91377FCD-C16F-DB7A-4339-F7075EAA263C}.Release|x64.Build.0 = Release|Any CPU
		{91377FCD-C16F-DB7A-4339-F7075EAA263C}.Release|x86.ActiveCfg = Release|Any CPU
		{91377FCD-C16F-DB7A-4339-F7075EAA263C}.Release|x86.Build.0 = Release|Any CPU
		{748EB379-4BD8-5B84-9ACC-B83377C2A88D}.Debug|Any CPU.ActiveCfg = Debug|Any CPU
		{748EB379-4BD8-5B84-9ACC-B83377C2A88D}.Debug|Any CPU.Build.0 = Debug|Any CPU
		{748EB379-4BD8-5B84-9ACC-B83377C2A88D}.Debug|x64.ActiveCfg = Debug|Any CPU
		{748EB379-4BD8-5B84-9ACC-B83377C2A88D}.Debug|x64.Build.0 = Debug|Any CPU
		{748EB379-4BD8-5B84-9ACC-B83377C2A88D}.Debug|x86.ActiveCfg = Debug|Any CPU
		{748EB379-4BD8-5B84-9ACC-B83377C2A88D}.Debug|x86.Build.0 = Debug|Any CPU
		{748EB379-4BD8-5B84-9ACC-B83377C2A88D}.Release|Any CPU.ActiveCfg = Release|Any CPU
		{748EB379-4BD8-5B84-9ACC-B83377C2A88D}.Release|Any CPU.Build.0 = Release|Any CPU
		{748EB379-4BD8-5B84-9ACC-B83377C2A88D}.Release|x64.ActiveCfg = Release|Any CPU
		{748EB379-4BD8-5B84-9ACC-B83377C2A88D}.Release|x64.Build.0 = Release|Any CPU
		{748EB379-4BD8-5B84-9ACC-B83377C2A88D}.Release|x86.ActiveCfg = Release|Any CPU
		{748EB379-4BD8-5B84-9ACC-B83377C2A88D}.Release|x86.Build.0 = Release|Any CPU
		{F7077A4E-909A-A8A8-AE76-DFB334B1931D}.Debug|Any CPU.ActiveCfg = Debug|Any CPU
		{F7077A4E-909A-A8A8-AE76-DFB334B1931D}.Debug|Any CPU.Build.0 = Debug|Any CPU
		{F7077A4E-909A-A8A8-AE76-DFB334B1931D}.Debug|x64.ActiveCfg = Debug|Any CPU
		{F7077A4E-909A-A8A8-AE76-DFB334B1931D}.Debug|x64.Build.0 = Debug|Any CPU
		{F7077A4E-909A-A8A8-AE76-DFB334B1931D}.Debug|x86.ActiveCfg = Debug|Any CPU
		{F7077A4E-909A-A8A8-AE76-DFB334B1931D}.Debug|x86.Build.0 = Debug|Any CPU
		{F7077A4E-909A-A8A8-AE76-DFB334B1931D}.Release|Any CPU.ActiveCfg = Release|Any CPU
		{F7077A4E-909A-A8A8-AE76-DFB334B1931D}.Release|Any CPU.Build.0 = Release|Any CPU
		{F7077A4E-909A-A8A8-AE76-DFB334B1931D}.Release|x64.ActiveCfg = Release|Any CPU
		{F7077A4E-909A-A8A8-AE76-DFB334B1931D}.Release|x64.Build.0 = Release|Any CPU
		{F7077A4E-909A-A8A8-AE76-DFB334B1931D}.Release|x86.ActiveCfg = Release|Any CPU
		{F7077A4E-909A-A8A8-AE76-DFB334B1931D}.Release|x86.Build.0 = Release|Any CPU
		{7E558B6D-FAF3-9D44-7003-32608EE62C22}.Debug|Any CPU.ActiveCfg = Debug|Any CPU
		{7E558B6D-FAF3-9D44-7003-32608EE62C22}.Debug|Any CPU.Build.0 = Debug|Any CPU
		{7E558B6D-FAF3-9D44-7003-32608EE62C22}.Debug|x64.ActiveCfg = Debug|Any CPU
		{7E558B6D-FAF3-9D44-7003-32608EE62C22}.Debug|x64.Build.0 = Debug|Any CPU
		{7E558B6D-FAF3-9D44-7003-32608EE62C22}.Debug|x86.ActiveCfg = Debug|Any CPU
		{7E558B6D-FAF3-9D44-7003-32608EE62C22}.Debug|x86.Build.0 = Debug|Any CPU
		{7E558B6D-FAF3-9D44-7003-32608EE62C22}.Release|Any CPU.ActiveCfg = Release|Any CPU
		{7E558B6D-FAF3-9D44-7003-32608EE62C22}.Release|Any CPU.Build.0 = Release|Any CPU
		{7E558B6D-FAF3-9D44-7003-32608EE62C22}.Release|x64.ActiveCfg = Release|Any CPU
		{7E558B6D-FAF3-9D44-7003-32608EE62C22}.Release|x64.Build.0 = Release|Any CPU
		{7E558B6D-FAF3-9D44-7003-32608EE62C22}.Release|x86.ActiveCfg = Release|Any CPU
		{7E558B6D-FAF3-9D44-7003-32608EE62C22}.Release|x86.Build.0 = Release|Any CPU
		{DFC846F5-8806-E488-BB37-95E350C0216F}.Debug|Any CPU.ActiveCfg = Debug|Any CPU
		{DFC846F5-8806-E488-BB37-95E350C0216F}.Debug|Any CPU.Build.0 = Debug|Any CPU
		{DFC846F5-8806-E488-BB37-95E350C0216F}.Debug|x64.ActiveCfg = Debug|Any CPU
		{DFC846F5-8806-E488-BB37-95E350C0216F}.Debug|x64.Build.0 = Debug|Any CPU
		{DFC846F5-8806-E488-BB37-95E350C0216F}.Debug|x86.ActiveCfg = Debug|Any CPU
		{DFC846F5-8806-E488-BB37-95E350C0216F}.Debug|x86.Build.0 = Debug|Any CPU
		{DFC846F5-8806-E488-BB37-95E350C0216F}.Release|Any CPU.ActiveCfg = Release|Any CPU
		{DFC846F5-8806-E488-BB37-95E350C0216F}.Release|Any CPU.Build.0 = Release|Any CPU
		{DFC846F5-8806-E488-BB37-95E350C0216F}.Release|x64.ActiveCfg = Release|Any CPU
		{DFC846F5-8806-E488-BB37-95E350C0216F}.Release|x64.Build.0 = Release|Any CPU
		{DFC846F5-8806-E488-BB37-95E350C0216F}.Release|x86.ActiveCfg = Release|Any CPU
		{DFC846F5-8806-E488-BB37-95E350C0216F}.Release|x86.Build.0 = Release|Any CPU
		{69B0B48D-1173-3283-B229-722E327186CB}.Debug|Any CPU.ActiveCfg = Debug|Any CPU
		{69B0B48D-1173-3283-B229-722E327186CB}.Debug|Any CPU.Build.0 = Debug|Any CPU
		{69B0B48D-1173-3283-B229-722E327186CB}.Debug|x64.ActiveCfg = Debug|Any CPU
		{69B0B48D-1173-3283-B229-722E327186CB}.Debug|x64.Build.0 = Debug|Any CPU
		{69B0B48D-1173-3283-B229-722E327186CB}.Debug|x86.ActiveCfg = Debug|Any CPU
		{69B0B48D-1173-3283-B229-722E327186CB}.Debug|x86.Build.0 = Debug|Any CPU
		{69B0B48D-1173-3283-B229-722E327186CB}.Release|Any CPU.ActiveCfg = Release|Any CPU
		{69B0B48D-1173-3283-B229-722E327186CB}.Release|Any CPU.Build.0 = Release|Any CPU
		{69B0B48D-1173-3283-B229-722E327186CB}.Release|x64.ActiveCfg = Release|Any CPU
		{69B0B48D-1173-3283-B229-722E327186CB}.Release|x64.Build.0 = Release|Any CPU
		{69B0B48D-1173-3283-B229-722E327186CB}.Release|x86.ActiveCfg = Release|Any CPU
		{69B0B48D-1173-3283-B229-722E327186CB}.Release|x86.Build.0 = Release|Any CPU
		{B7F0D4A8-5F0A-5F91-86FA-4C6A99FE1D69}.Debug|Any CPU.ActiveCfg = Debug|Any CPU
		{B7F0D4A8-5F0A-5F91-86FA-4C6A99FE1D69}.Debug|Any CPU.Build.0 = Debug|Any CPU
		{B7F0D4A8-5F0A-5F91-86FA-4C6A99FE1D69}.Debug|x64.ActiveCfg = Debug|Any CPU
		{B7F0D4A8-5F0A-5F91-86FA-4C6A99FE1D69}.Debug|x64.Build.0 = Debug|Any CPU
		{B7F0D4A8-5F0A-5F91-86FA-4C6A99FE1D69}.Debug|x86.ActiveCfg = Debug|Any CPU
		{B7F0D4A8-5F0A-5F91-86FA-4C6A99FE1D69}.Debug|x86.Build.0 = Debug|Any CPU
		{B7F0D4A8-5F0A-5F91-86FA-4C6A99FE1D69}.Release|Any CPU.ActiveCfg = Release|Any CPU
		{B7F0D4A8-5F0A-5F91-86FA-4C6A99FE1D69}.Release|Any CPU.Build.0 = Release|Any CPU
		{B7F0D4A8-5F0A-5F91-86FA-4C6A99FE1D69}.Release|x64.ActiveCfg = Release|Any CPU
		{B7F0D4A8-5F0A-5F91-86FA-4C6A99FE1D69}.Release|x64.Build.0 = Release|Any CPU
		{B7F0D4A8-5F0A-5F91-86FA-4C6A99FE1D69}.Release|x86.ActiveCfg = Release|Any CPU
		{B7F0D4A8-5F0A-5F91-86FA-4C6A99FE1D69}.Release|x86.Build.0 = Release|Any CPU
		{0E8FFA2F-8C93-453C-FF3C-24617CD6D860}.Debug|Any CPU.ActiveCfg = Debug|Any CPU
		{0E8FFA2F-8C93-453C-FF3C-24617CD6D860}.Debug|Any CPU.Build.0 = Debug|Any CPU
		{0E8FFA2F-8C93-453C-FF3C-24617CD6D860}.Debug|x64.ActiveCfg = Debug|Any CPU
		{0E8FFA2F-8C93-453C-FF3C-24617CD6D860}.Debug|x64.Build.0 = Debug|Any CPU
		{0E8FFA2F-8C93-453C-FF3C-24617CD6D860}.Debug|x86.ActiveCfg = Debug|Any CPU
		{0E8FFA2F-8C93-453C-FF3C-24617CD6D860}.Debug|x86.Build.0 = Debug|Any CPU
		{0E8FFA2F-8C93-453C-FF3C-24617CD6D860}.Release|Any CPU.ActiveCfg = Release|Any CPU
		{0E8FFA2F-8C93-453C-FF3C-24617CD6D860}.Release|Any CPU.Build.0 = Release|Any CPU
		{0E8FFA2F-8C93-453C-FF3C-24617CD6D860}.Release|x64.ActiveCfg = Release|Any CPU
		{0E8FFA2F-8C93-453C-FF3C-24617CD6D860}.Release|x64.Build.0 = Release|Any CPU
		{0E8FFA2F-8C93-453C-FF3C-24617CD6D860}.Release|x86.ActiveCfg = Release|Any CPU
		{0E8FFA2F-8C93-453C-FF3C-24617CD6D860}.Release|x86.Build.0 = Release|Any CPU
		{AD728FED-4BB6-DA4F-604B-177077217B25}.Debug|Any CPU.ActiveCfg = Debug|Any CPU
		{AD728FED-4BB6-DA4F-604B-177077217B25}.Debug|Any CPU.Build.0 = Debug|Any CPU
		{AD728FED-4BB6-DA4F-604B-177077217B25}.Debug|x64.ActiveCfg = Debug|Any CPU
		{AD728FED-4BB6-DA4F-604B-177077217B25}.Debug|x64.Build.0 = Debug|Any CPU
		{AD728FED-4BB6-DA4F-604B-177077217B25}.Debug|x86.ActiveCfg = Debug|Any CPU
		{AD728FED-4BB6-DA4F-604B-177077217B25}.Debug|x86.Build.0 = Debug|Any CPU
		{AD728FED-4BB6-DA4F-604B-177077217B25}.Release|Any CPU.ActiveCfg = Release|Any CPU
		{AD728FED-4BB6-DA4F-604B-177077217B25}.Release|Any CPU.Build.0 = Release|Any CPU
		{AD728FED-4BB6-DA4F-604B-177077217B25}.Release|x64.ActiveCfg = Release|Any CPU
		{AD728FED-4BB6-DA4F-604B-177077217B25}.Release|x64.Build.0 = Release|Any CPU
		{AD728FED-4BB6-DA4F-604B-177077217B25}.Release|x86.ActiveCfg = Release|Any CPU
		{AD728FED-4BB6-DA4F-604B-177077217B25}.Release|x86.Build.0 = Release|Any CPU
		{5EF4AEC8-4FE9-270F-A4BF-A714BC47A8A7}.Debug|Any CPU.ActiveCfg = Debug|Any CPU
		{5EF4AEC8-4FE9-270F-A4BF-A714BC47A8A7}.Debug|Any CPU.Build.0 = Debug|Any CPU
		{5EF4AEC8-4FE9-270F-A4BF-A714BC47A8A7}.Debug|x64.ActiveCfg = Debug|Any CPU
		{5EF4AEC8-4FE9-270F-A4BF-A714BC47A8A7}.Debug|x64.Build.0 = Debug|Any CPU
		{5EF4AEC8-4FE9-270F-A4BF-A714BC47A8A7}.Debug|x86.ActiveCfg = Debug|Any CPU
		{5EF4AEC8-4FE9-270F-A4BF-A714BC47A8A7}.Debug|x86.Build.0 = Debug|Any CPU
		{5EF4AEC8-4FE9-270F-A4BF-A714BC47A8A7}.Release|Any CPU.ActiveCfg = Release|Any CPU
		{5EF4AEC8-4FE9-270F-A4BF-A714BC47A8A7}.Release|Any CPU.Build.0 = Release|Any CPU
		{5EF4AEC8-4FE9-270F-A4BF-A714BC47A8A7}.Release|x64.ActiveCfg = Release|Any CPU
		{5EF4AEC8-4FE9-270F-A4BF-A714BC47A8A7}.Release|x64.Build.0 = Release|Any CPU
		{5EF4AEC8-4FE9-270F-A4BF-A714BC47A8A7}.Release|x86.ActiveCfg = Release|Any CPU
		{5EF4AEC8-4FE9-270F-A4BF-A714BC47A8A7}.Release|x86.Build.0 = Release|Any CPU
		{C4D47FCA-A33D-AAED-22BA-F02078E466DD}.Debug|Any CPU.ActiveCfg = Debug|Any CPU
		{C4D47FCA-A33D-AAED-22BA-F02078E466DD}.Debug|Any CPU.Build.0 = Debug|Any CPU
		{C4D47FCA-A33D-AAED-22BA-F02078E466DD}.Debug|x64.ActiveCfg = Debug|Any CPU
		{C4D47FCA-A33D-AAED-22BA-F02078E466DD}.Debug|x64.Build.0 = Debug|Any CPU
		{C4D47FCA-A33D-AAED-22BA-F02078E466DD}.Debug|x86.ActiveCfg = Debug|Any CPU
		{C4D47FCA-A33D-AAED-22BA-F02078E466DD}.Debug|x86.Build.0 = Debug|Any CPU
		{C4D47FCA-A33D-AAED-22BA-F02078E466DD}.Release|Any CPU.ActiveCfg = Release|Any CPU
		{C4D47FCA-A33D-AAED-22BA-F02078E466DD}.Release|Any CPU.Build.0 = Release|Any CPU
		{C4D47FCA-A33D-AAED-22BA-F02078E466DD}.Release|x64.ActiveCfg = Release|Any CPU
		{C4D47FCA-A33D-AAED-22BA-F02078E466DD}.Release|x64.Build.0 = Release|Any CPU
		{C4D47FCA-A33D-AAED-22BA-F02078E466DD}.Release|x86.ActiveCfg = Release|Any CPU
		{C4D47FCA-A33D-AAED-22BA-F02078E466DD}.Release|x86.Build.0 = Release|Any CPU
		{1F9E7139-8D7E-61A0-9EC4-EB5D0E8FB587}.Debug|Any CPU.ActiveCfg = Debug|Any CPU
		{1F9E7139-8D7E-61A0-9EC4-EB5D0E8FB587}.Debug|Any CPU.Build.0 = Debug|Any CPU
		{1F9E7139-8D7E-61A0-9EC4-EB5D0E8FB587}.Debug|x64.ActiveCfg = Debug|Any CPU
		{1F9E7139-8D7E-61A0-9EC4-EB5D0E8FB587}.Debug|x64.Build.0 = Debug|Any CPU
		{1F9E7139-8D7E-61A0-9EC4-EB5D0E8FB587}.Debug|x86.ActiveCfg = Debug|Any CPU
		{1F9E7139-8D7E-61A0-9EC4-EB5D0E8FB587}.Debug|x86.Build.0 = Debug|Any CPU
		{1F9E7139-8D7E-61A0-9EC4-EB5D0E8FB587}.Release|Any CPU.ActiveCfg = Release|Any CPU
		{1F9E7139-8D7E-61A0-9EC4-EB5D0E8FB587}.Release|Any CPU.Build.0 = Release|Any CPU
		{1F9E7139-8D7E-61A0-9EC4-EB5D0E8FB587}.Release|x64.ActiveCfg = Release|Any CPU
		{1F9E7139-8D7E-61A0-9EC4-EB5D0E8FB587}.Release|x64.Build.0 = Release|Any CPU
		{1F9E7139-8D7E-61A0-9EC4-EB5D0E8FB587}.Release|x86.ActiveCfg = Release|Any CPU
		{1F9E7139-8D7E-61A0-9EC4-EB5D0E8FB587}.Release|x86.Build.0 = Release|Any CPU
		{49A24759-7A39-3252-435D-D178D86B7FC0}.Debug|Any CPU.ActiveCfg = Debug|Any CPU
		{49A24759-7A39-3252-435D-D178D86B7FC0}.Debug|Any CPU.Build.0 = Debug|Any CPU
		{49A24759-7A39-3252-435D-D178D86B7FC0}.Debug|x64.ActiveCfg = Debug|Any CPU
		{49A24759-7A39-3252-435D-D178D86B7FC0}.Debug|x64.Build.0 = Debug|Any CPU
		{49A24759-7A39-3252-435D-D178D86B7FC0}.Debug|x86.ActiveCfg = Debug|Any CPU
		{49A24759-7A39-3252-435D-D178D86B7FC0}.Debug|x86.Build.0 = Debug|Any CPU
		{49A24759-7A39-3252-435D-D178D86B7FC0}.Release|Any CPU.ActiveCfg = Release|Any CPU
		{49A24759-7A39-3252-435D-D178D86B7FC0}.Release|Any CPU.Build.0 = Release|Any CPU
		{49A24759-7A39-3252-435D-D178D86B7FC0}.Release|x64.ActiveCfg = Release|Any CPU
		{49A24759-7A39-3252-435D-D178D86B7FC0}.Release|x64.Build.0 = Release|Any CPU
		{49A24759-7A39-3252-435D-D178D86B7FC0}.Release|x86.ActiveCfg = Release|Any CPU
		{49A24759-7A39-3252-435D-D178D86B7FC0}.Release|x86.Build.0 = Release|Any CPU
		{4C77EDC7-7675-A3BF-3188-74EB7029746F}.Debug|Any CPU.ActiveCfg = Debug|Any CPU
		{4C77EDC7-7675-A3BF-3188-74EB7029746F}.Debug|Any CPU.Build.0 = Debug|Any CPU
		{4C77EDC7-7675-A3BF-3188-74EB7029746F}.Debug|x64.ActiveCfg = Debug|Any CPU
		{4C77EDC7-7675-A3BF-3188-74EB7029746F}.Debug|x64.Build.0 = Debug|Any CPU
		{4C77EDC7-7675-A3BF-3188-74EB7029746F}.Debug|x86.ActiveCfg = Debug|Any CPU
		{4C77EDC7-7675-A3BF-3188-74EB7029746F}.Debug|x86.Build.0 = Debug|Any CPU
		{4C77EDC7-7675-A3BF-3188-74EB7029746F}.Release|Any CPU.ActiveCfg = Release|Any CPU
		{4C77EDC7-7675-A3BF-3188-74EB7029746F}.Release|Any CPU.Build.0 = Release|Any CPU
		{4C77EDC7-7675-A3BF-3188-74EB7029746F}.Release|x64.ActiveCfg = Release|Any CPU
		{4C77EDC7-7675-A3BF-3188-74EB7029746F}.Release|x64.Build.0 = Release|Any CPU
		{4C77EDC7-7675-A3BF-3188-74EB7029746F}.Release|x86.ActiveCfg = Release|Any CPU
		{4C77EDC7-7675-A3BF-3188-74EB7029746F}.Release|x86.Build.0 = Release|Any CPU
		{9029A732-D418-4D64-89FD-1E2F6691E183}.Debug|Any CPU.ActiveCfg = Debug|Any CPU
		{9029A732-D418-4D64-89FD-1E2F6691E183}.Debug|Any CPU.Build.0 = Debug|Any CPU
		{9029A732-D418-4D64-89FD-1E2F6691E183}.Debug|x64.ActiveCfg = Debug|Any CPU
		{9029A732-D418-4D64-89FD-1E2F6691E183}.Debug|x64.Build.0 = Debug|Any CPU
		{9029A732-D418-4D64-89FD-1E2F6691E183}.Debug|x86.ActiveCfg = Debug|Any CPU
		{9029A732-D418-4D64-89FD-1E2F6691E183}.Debug|x86.Build.0 = Debug|Any CPU
		{9029A732-D418-4D64-89FD-1E2F6691E183}.Release|Any CPU.ActiveCfg = Release|Any CPU
		{9029A732-D418-4D64-89FD-1E2F6691E183}.Release|Any CPU.Build.0 = Release|Any CPU
		{9029A732-D418-4D64-89FD-1E2F6691E183}.Release|x64.ActiveCfg = Release|Any CPU
		{9029A732-D418-4D64-89FD-1E2F6691E183}.Release|x64.Build.0 = Release|Any CPU
		{9029A732-D418-4D64-89FD-1E2F6691E183}.Release|x86.ActiveCfg = Release|Any CPU
		{9029A732-D418-4D64-89FD-1E2F6691E183}.Release|x86.Build.0 = Release|Any CPU
		{C2879623-112F-FDBF-C99A-8D7657CA002E}.Debug|Any CPU.ActiveCfg = Debug|Any CPU
		{C2879623-112F-FDBF-C99A-8D7657CA002E}.Debug|Any CPU.Build.0 = Debug|Any CPU
		{C2879623-112F-FDBF-C99A-8D7657CA002E}.Debug|x64.ActiveCfg = Debug|Any CPU
		{C2879623-112F-FDBF-C99A-8D7657CA002E}.Debug|x64.Build.0 = Debug|Any CPU
		{C2879623-112F-FDBF-C99A-8D7657CA002E}.Debug|x86.ActiveCfg = Debug|Any CPU
		{C2879623-112F-FDBF-C99A-8D7657CA002E}.Debug|x86.Build.0 = Debug|Any CPU
		{C2879623-112F-FDBF-C99A-8D7657CA002E}.Release|Any CPU.ActiveCfg = Release|Any CPU
		{C2879623-112F-FDBF-C99A-8D7657CA002E}.Release|Any CPU.Build.0 = Release|Any CPU
		{C2879623-112F-FDBF-C99A-8D7657CA002E}.Release|x64.ActiveCfg = Release|Any CPU
		{C2879623-112F-FDBF-C99A-8D7657CA002E}.Release|x64.Build.0 = Release|Any CPU
		{C2879623-112F-FDBF-C99A-8D7657CA002E}.Release|x86.ActiveCfg = Release|Any CPU
		{C2879623-112F-FDBF-C99A-8D7657CA002E}.Release|x86.Build.0 = Release|Any CPU
		{FE04A413-2549-6641-DA12-3217A35EF9CE}.Debug|Any CPU.ActiveCfg = Debug|Any CPU
		{FE04A413-2549-6641-DA12-3217A35EF9CE}.Debug|Any CPU.Build.0 = Debug|Any CPU
		{FE04A413-2549-6641-DA12-3217A35EF9CE}.Debug|x64.ActiveCfg = Debug|Any CPU
		{FE04A413-2549-6641-DA12-3217A35EF9CE}.Debug|x64.Build.0 = Debug|Any CPU
		{FE04A413-2549-6641-DA12-3217A35EF9CE}.Debug|x86.ActiveCfg = Debug|Any CPU
		{FE04A413-2549-6641-DA12-3217A35EF9CE}.Debug|x86.Build.0 = Debug|Any CPU
		{FE04A413-2549-6641-DA12-3217A35EF9CE}.Release|Any CPU.ActiveCfg = Release|Any CPU
		{FE04A413-2549-6641-DA12-3217A35EF9CE}.Release|Any CPU.Build.0 = Release|Any CPU
		{FE04A413-2549-6641-DA12-3217A35EF9CE}.Release|x64.ActiveCfg = Release|Any CPU
		{FE04A413-2549-6641-DA12-3217A35EF9CE}.Release|x64.Build.0 = Release|Any CPU
		{FE04A413-2549-6641-DA12-3217A35EF9CE}.Release|x86.ActiveCfg = Release|Any CPU
		{FE04A413-2549-6641-DA12-3217A35EF9CE}.Release|x86.Build.0 = Release|Any CPU
		{F9EF7BCD-B368-BAA1-1CBF-1666981C3006}.Debug|Any CPU.ActiveCfg = Debug|Any CPU
		{F9EF7BCD-B368-BAA1-1CBF-1666981C3006}.Debug|Any CPU.Build.0 = Debug|Any CPU
		{F9EF7BCD-B368-BAA1-1CBF-1666981C3006}.Debug|x64.ActiveCfg = Debug|Any CPU
		{F9EF7BCD-B368-BAA1-1CBF-1666981C3006}.Debug|x64.Build.0 = Debug|Any CPU
		{F9EF7BCD-B368-BAA1-1CBF-1666981C3006}.Debug|x86.ActiveCfg = Debug|Any CPU
		{F9EF7BCD-B368-BAA1-1CBF-1666981C3006}.Debug|x86.Build.0 = Debug|Any CPU
		{F9EF7BCD-B368-BAA1-1CBF-1666981C3006}.Release|Any CPU.ActiveCfg = Release|Any CPU
		{F9EF7BCD-B368-BAA1-1CBF-1666981C3006}.Release|Any CPU.Build.0 = Release|Any CPU
		{F9EF7BCD-B368-BAA1-1CBF-1666981C3006}.Release|x64.ActiveCfg = Release|Any CPU
		{F9EF7BCD-B368-BAA1-1CBF-1666981C3006}.Release|x64.Build.0 = Release|Any CPU
		{F9EF7BCD-B368-BAA1-1CBF-1666981C3006}.Release|x86.ActiveCfg = Release|Any CPU
		{F9EF7BCD-B368-BAA1-1CBF-1666981C3006}.Release|x86.Build.0 = Release|Any CPU
		{E464C244-6DEB-0CD0-C9B8-4BA41094154C}.Debug|Any CPU.ActiveCfg = Debug|Any CPU
		{E464C244-6DEB-0CD0-C9B8-4BA41094154C}.Debug|Any CPU.Build.0 = Debug|Any CPU
		{E464C244-6DEB-0CD0-C9B8-4BA41094154C}.Debug|x64.ActiveCfg = Debug|Any CPU
		{E464C244-6DEB-0CD0-C9B8-4BA41094154C}.Debug|x64.Build.0 = Debug|Any CPU
		{E464C244-6DEB-0CD0-C9B8-4BA41094154C}.Debug|x86.ActiveCfg = Debug|Any CPU
		{E464C244-6DEB-0CD0-C9B8-4BA41094154C}.Debug|x86.Build.0 = Debug|Any CPU
		{E464C244-6DEB-0CD0-C9B8-4BA41094154C}.Release|Any CPU.ActiveCfg = Release|Any CPU
		{E464C244-6DEB-0CD0-C9B8-4BA41094154C}.Release|Any CPU.Build.0 = Release|Any CPU
		{E464C244-6DEB-0CD0-C9B8-4BA41094154C}.Release|x64.ActiveCfg = Release|Any CPU
		{E464C244-6DEB-0CD0-C9B8-4BA41094154C}.Release|x64.Build.0 = Release|Any CPU
		{E464C244-6DEB-0CD0-C9B8-4BA41094154C}.Release|x86.ActiveCfg = Release|Any CPU
		{E464C244-6DEB-0CD0-C9B8-4BA41094154C}.Release|x86.Build.0 = Release|Any CPU
		{8AA55EBD-6C2E-852D-C8F3-3EF7CF94C222}.Debug|Any CPU.ActiveCfg = Debug|Any CPU
		{8AA55EBD-6C2E-852D-C8F3-3EF7CF94C222}.Debug|Any CPU.Build.0 = Debug|Any CPU
		{8AA55EBD-6C2E-852D-C8F3-3EF7CF94C222}.Debug|x64.ActiveCfg = Debug|Any CPU
		{8AA55EBD-6C2E-852D-C8F3-3EF7CF94C222}.Debug|x64.Build.0 = Debug|Any CPU
		{8AA55EBD-6C2E-852D-C8F3-3EF7CF94C222}.Debug|x86.ActiveCfg = Debug|Any CPU
		{8AA55EBD-6C2E-852D-C8F3-3EF7CF94C222}.Debug|x86.Build.0 = Debug|Any CPU
		{8AA55EBD-6C2E-852D-C8F3-3EF7CF94C222}.Release|Any CPU.ActiveCfg = Release|Any CPU
		{8AA55EBD-6C2E-852D-C8F3-3EF7CF94C222}.Release|Any CPU.Build.0 = Release|Any CPU
		{8AA55EBD-6C2E-852D-C8F3-3EF7CF94C222}.Release|x64.ActiveCfg = Release|Any CPU
		{8AA55EBD-6C2E-852D-C8F3-3EF7CF94C222}.Release|x64.Build.0 = Release|Any CPU
		{8AA55EBD-6C2E-852D-C8F3-3EF7CF94C222}.Release|x86.ActiveCfg = Release|Any CPU
		{8AA55EBD-6C2E-852D-C8F3-3EF7CF94C222}.Release|x86.Build.0 = Release|Any CPU
		{696FEF61-6439-7319-0E8D-F710E9034FFA}.Debug|Any CPU.ActiveCfg = Debug|Any CPU
		{696FEF61-6439-7319-0E8D-F710E9034FFA}.Debug|Any CPU.Build.0 = Debug|Any CPU
		{696FEF61-6439-7319-0E8D-F710E9034FFA}.Debug|x64.ActiveCfg = Debug|Any CPU
		{696FEF61-6439-7319-0E8D-F710E9034FFA}.Debug|x64.Build.0 = Debug|Any CPU
		{696FEF61-6439-7319-0E8D-F710E9034FFA}.Debug|x86.ActiveCfg = Debug|Any CPU
		{696FEF61-6439-7319-0E8D-F710E9034FFA}.Debug|x86.Build.0 = Debug|Any CPU
		{696FEF61-6439-7319-0E8D-F710E9034FFA}.Release|Any CPU.ActiveCfg = Release|Any CPU
		{696FEF61-6439-7319-0E8D-F710E9034FFA}.Release|Any CPU.Build.0 = Release|Any CPU
		{696FEF61-6439-7319-0E8D-F710E9034FFA}.Release|x64.ActiveCfg = Release|Any CPU
		{696FEF61-6439-7319-0E8D-F710E9034FFA}.Release|x64.Build.0 = Release|Any CPU
		{696FEF61-6439-7319-0E8D-F710E9034FFA}.Release|x86.ActiveCfg = Release|Any CPU
		{696FEF61-6439-7319-0E8D-F710E9034FFA}.Release|x86.Build.0 = Release|Any CPU
		{42CA4449-727F-2DBB-D373-ECB315D84F28}.Debug|Any CPU.ActiveCfg = Debug|Any CPU
		{42CA4449-727F-2DBB-D373-ECB315D84F28}.Debug|Any CPU.Build.0 = Debug|Any CPU
		{42CA4449-727F-2DBB-D373-ECB315D84F28}.Debug|x64.ActiveCfg = Debug|Any CPU
		{42CA4449-727F-2DBB-D373-ECB315D84F28}.Debug|x64.Build.0 = Debug|Any CPU
		{42CA4449-727F-2DBB-D373-ECB315D84F28}.Debug|x86.ActiveCfg = Debug|Any CPU
		{42CA4449-727F-2DBB-D373-ECB315D84F28}.Debug|x86.Build.0 = Debug|Any CPU
		{42CA4449-727F-2DBB-D373-ECB315D84F28}.Release|Any CPU.ActiveCfg = Release|Any CPU
		{42CA4449-727F-2DBB-D373-ECB315D84F28}.Release|Any CPU.Build.0 = Release|Any CPU
		{42CA4449-727F-2DBB-D373-ECB315D84F28}.Release|x64.ActiveCfg = Release|Any CPU
		{42CA4449-727F-2DBB-D373-ECB315D84F28}.Release|x64.Build.0 = Release|Any CPU
		{42CA4449-727F-2DBB-D373-ECB315D84F28}.Release|x86.ActiveCfg = Release|Any CPU
		{42CA4449-727F-2DBB-D373-ECB315D84F28}.Release|x86.Build.0 = Release|Any CPU
		{F9B61BD4-650C-4BF4-9814-22EE5E5A6DC7}.Debug|Any CPU.ActiveCfg = Debug|Any CPU
		{F9B61BD4-650C-4BF4-9814-22EE5E5A6DC7}.Debug|Any CPU.Build.0 = Debug|Any CPU
		{F9B61BD4-650C-4BF4-9814-22EE5E5A6DC7}.Debug|x64.ActiveCfg = Debug|Any CPU
		{F9B61BD4-650C-4BF4-9814-22EE5E5A6DC7}.Debug|x64.Build.0 = Debug|Any CPU
		{F9B61BD4-650C-4BF4-9814-22EE5E5A6DC7}.Debug|x86.ActiveCfg = Debug|Any CPU
		{F9B61BD4-650C-4BF4-9814-22EE5E5A6DC7}.Debug|x86.Build.0 = Debug|Any CPU
		{F9B61BD4-650C-4BF4-9814-22EE5E5A6DC7}.Release|Any CPU.ActiveCfg = Release|Any CPU
		{F9B61BD4-650C-4BF4-9814-22EE5E5A6DC7}.Release|Any CPU.Build.0 = Release|Any CPU
		{F9B61BD4-650C-4BF4-9814-22EE5E5A6DC7}.Release|x64.ActiveCfg = Release|Any CPU
		{F9B61BD4-650C-4BF4-9814-22EE5E5A6DC7}.Release|x64.Build.0 = Release|Any CPU
		{F9B61BD4-650C-4BF4-9814-22EE5E5A6DC7}.Release|x86.ActiveCfg = Release|Any CPU
		{F9B61BD4-650C-4BF4-9814-22EE5E5A6DC7}.Release|x86.Build.0 = Release|Any CPU
		{9AA68784-537C-4878-875C-5D29F3ECFBF3}.Debug|Any CPU.ActiveCfg = Debug|Any CPU
		{9AA68784-537C-4878-875C-5D29F3ECFBF3}.Debug|Any CPU.Build.0 = Debug|Any CPU
		{9AA68784-537C-4878-875C-5D29F3ECFBF3}.Debug|x64.ActiveCfg = Debug|Any CPU
		{9AA68784-537C-4878-875C-5D29F3ECFBF3}.Debug|x64.Build.0 = Debug|Any CPU
		{9AA68784-537C-4878-875C-5D29F3ECFBF3}.Debug|x86.ActiveCfg = Debug|Any CPU
		{9AA68784-537C-4878-875C-5D29F3ECFBF3}.Debug|x86.Build.0 = Debug|Any CPU
		{9AA68784-537C-4878-875C-5D29F3ECFBF3}.Release|Any CPU.ActiveCfg = Release|Any CPU
		{9AA68784-537C-4878-875C-5D29F3ECFBF3}.Release|Any CPU.Build.0 = Release|Any CPU
		{9AA68784-537C-4878-875C-5D29F3ECFBF3}.Release|x64.ActiveCfg = Release|Any CPU
		{9AA68784-537C-4878-875C-5D29F3ECFBF3}.Release|x64.Build.0 = Release|Any CPU
		{9AA68784-537C-4878-875C-5D29F3ECFBF3}.Release|x86.ActiveCfg = Release|Any CPU
		{9AA68784-537C-4878-875C-5D29F3ECFBF3}.Release|x86.Build.0 = Release|Any CPU
		{430F5169-E7C6-476E-B95E-0770BB881F9B}.Debug|Any CPU.ActiveCfg = Debug|Any CPU
		{430F5169-E7C6-476E-B95E-0770BB881F9B}.Debug|Any CPU.Build.0 = Debug|Any CPU
		{430F5169-E7C6-476E-B95E-0770BB881F9B}.Debug|x64.ActiveCfg = Debug|Any CPU
		{430F5169-E7C6-476E-B95E-0770BB881F9B}.Debug|x64.Build.0 = Debug|Any CPU
		{430F5169-E7C6-476E-B95E-0770BB881F9B}.Debug|x86.ActiveCfg = Debug|Any CPU
		{430F5169-E7C6-476E-B95E-0770BB881F9B}.Debug|x86.Build.0 = Debug|Any CPU
		{430F5169-E7C6-476E-B95E-0770BB881F9B}.Release|Any CPU.ActiveCfg = Release|Any CPU
		{430F5169-E7C6-476E-B95E-0770BB881F9B}.Release|Any CPU.Build.0 = Release|Any CPU
		{430F5169-E7C6-476E-B95E-0770BB881F9B}.Release|x64.ActiveCfg = Release|Any CPU
		{430F5169-E7C6-476E-B95E-0770BB881F9B}.Release|x64.Build.0 = Release|Any CPU
		{430F5169-E7C6-476E-B95E-0770BB881F9B}.Release|x86.ActiveCfg = Release|Any CPU
		{430F5169-E7C6-476E-B95E-0770BB881F9B}.Release|x86.Build.0 = Release|Any CPU
		{7E0CBD82-93D7-4935-8AAC-FF89EF894B99}.Debug|Any CPU.ActiveCfg = Debug|Any CPU
		{7E0CBD82-93D7-4935-8AAC-FF89EF894B99}.Debug|Any CPU.Build.0 = Debug|Any CPU
		{7E0CBD82-93D7-4935-8AAC-FF89EF894B99}.Debug|x64.ActiveCfg = Debug|Any CPU
		{7E0CBD82-93D7-4935-8AAC-FF89EF894B99}.Debug|x64.Build.0 = Debug|Any CPU
		{7E0CBD82-93D7-4935-8AAC-FF89EF894B99}.Debug|x86.ActiveCfg = Debug|Any CPU
		{7E0CBD82-93D7-4935-8AAC-FF89EF894B99}.Debug|x86.Build.0 = Debug|Any CPU
		{7E0CBD82-93D7-4935-8AAC-FF89EF894B99}.Release|Any CPU.ActiveCfg = Release|Any CPU
		{7E0CBD82-93D7-4935-8AAC-FF89EF894B99}.Release|Any CPU.Build.0 = Release|Any CPU
		{7E0CBD82-93D7-4935-8AAC-FF89EF894B99}.Release|x64.ActiveCfg = Release|Any CPU
		{7E0CBD82-93D7-4935-8AAC-FF89EF894B99}.Release|x64.Build.0 = Release|Any CPU
		{7E0CBD82-93D7-4935-8AAC-FF89EF894B99}.Release|x86.ActiveCfg = Release|Any CPU
		{7E0CBD82-93D7-4935-8AAC-FF89EF894B99}.Release|x86.Build.0 = Release|Any CPU
		{F25E14EA-78AC-40CF-A63E-FBAD44174CF4}.Debug|Any CPU.ActiveCfg = Debug|Any CPU
		{F25E14EA-78AC-40CF-A63E-FBAD44174CF4}.Debug|Any CPU.Build.0 = Debug|Any CPU
		{F25E14EA-78AC-40CF-A63E-FBAD44174CF4}.Debug|x64.ActiveCfg = Debug|Any CPU
		{F25E14EA-78AC-40CF-A63E-FBAD44174CF4}.Debug|x64.Build.0 = Debug|Any CPU
		{F25E14EA-78AC-40CF-A63E-FBAD44174CF4}.Debug|x86.ActiveCfg = Debug|Any CPU
		{F25E14EA-78AC-40CF-A63E-FBAD44174CF4}.Debug|x86.Build.0 = Debug|Any CPU
		{F25E14EA-78AC-40CF-A63E-FBAD44174CF4}.Release|Any CPU.ActiveCfg = Release|Any CPU
		{F25E14EA-78AC-40CF-A63E-FBAD44174CF4}.Release|Any CPU.Build.0 = Release|Any CPU
		{F25E14EA-78AC-40CF-A63E-FBAD44174CF4}.Release|x64.ActiveCfg = Release|Any CPU
		{F25E14EA-78AC-40CF-A63E-FBAD44174CF4}.Release|x64.Build.0 = Release|Any CPU
		{F25E14EA-78AC-40CF-A63E-FBAD44174CF4}.Release|x86.ActiveCfg = Release|Any CPU
		{F25E14EA-78AC-40CF-A63E-FBAD44174CF4}.Release|x86.Build.0 = Release|Any CPU
		{405559DE-FD53-4DB1-B6A4-465625049594}.Debug|Any CPU.ActiveCfg = Debug|Any CPU
		{405559DE-FD53-4DB1-B6A4-465625049594}.Debug|Any CPU.Build.0 = Debug|Any CPU
		{405559DE-FD53-4DB1-B6A4-465625049594}.Debug|x64.ActiveCfg = Debug|Any CPU
		{405559DE-FD53-4DB1-B6A4-465625049594}.Debug|x64.Build.0 = Debug|Any CPU
		{405559DE-FD53-4DB1-B6A4-465625049594}.Debug|x86.ActiveCfg = Debug|Any CPU
		{405559DE-FD53-4DB1-B6A4-465625049594}.Debug|x86.Build.0 = Debug|Any CPU
		{405559DE-FD53-4DB1-B6A4-465625049594}.Release|Any CPU.ActiveCfg = Release|Any CPU
		{405559DE-FD53-4DB1-B6A4-465625049594}.Release|Any CPU.Build.0 = Release|Any CPU
		{405559DE-FD53-4DB1-B6A4-465625049594}.Release|x64.ActiveCfg = Release|Any CPU
		{405559DE-FD53-4DB1-B6A4-465625049594}.Release|x64.Build.0 = Release|Any CPU
		{405559DE-FD53-4DB1-B6A4-465625049594}.Release|x86.ActiveCfg = Release|Any CPU
		{405559DE-FD53-4DB1-B6A4-465625049594}.Release|x86.Build.0 = Release|Any CPU
		{621C7F20-0496-4B24-9B0C-D31744D8022B}.Debug|Any CPU.ActiveCfg = Debug|Any CPU
		{621C7F20-0496-4B24-9B0C-D31744D8022B}.Debug|Any CPU.Build.0 = Debug|Any CPU
		{621C7F20-0496-4B24-9B0C-D31744D8022B}.Debug|x64.ActiveCfg = Debug|Any CPU
		{621C7F20-0496-4B24-9B0C-D31744D8022B}.Debug|x64.Build.0 = Debug|Any CPU
		{621C7F20-0496-4B24-9B0C-D31744D8022B}.Debug|x86.ActiveCfg = Debug|Any CPU
		{621C7F20-0496-4B24-9B0C-D31744D8022B}.Debug|x86.Build.0 = Debug|Any CPU
		{621C7F20-0496-4B24-9B0C-D31744D8022B}.Release|Any CPU.ActiveCfg = Release|Any CPU
		{621C7F20-0496-4B24-9B0C-D31744D8022B}.Release|Any CPU.Build.0 = Release|Any CPU
		{621C7F20-0496-4B24-9B0C-D31744D8022B}.Release|x64.ActiveCfg = Release|Any CPU
		{621C7F20-0496-4B24-9B0C-D31744D8022B}.Release|x64.Build.0 = Release|Any CPU
		{621C7F20-0496-4B24-9B0C-D31744D8022B}.Release|x86.ActiveCfg = Release|Any CPU
		{621C7F20-0496-4B24-9B0C-D31744D8022B}.Release|x86.Build.0 = Release|Any CPU
		{E74D67AE-FE69-4892-9935-B7D4CDF47245}.Debug|Any CPU.ActiveCfg = Debug|Any CPU
		{E74D67AE-FE69-4892-9935-B7D4CDF47245}.Debug|Any CPU.Build.0 = Debug|Any CPU
		{E74D67AE-FE69-4892-9935-B7D4CDF47245}.Debug|x64.ActiveCfg = Debug|Any CPU
		{E74D67AE-FE69-4892-9935-B7D4CDF47245}.Debug|x64.Build.0 = Debug|Any CPU
		{E74D67AE-FE69-4892-9935-B7D4CDF47245}.Debug|x86.ActiveCfg = Debug|Any CPU
		{E74D67AE-FE69-4892-9935-B7D4CDF47245}.Debug|x86.Build.0 = Debug|Any CPU
		{E74D67AE-FE69-4892-9935-B7D4CDF47245}.Release|Any CPU.ActiveCfg = Release|Any CPU
		{E74D67AE-FE69-4892-9935-B7D4CDF47245}.Release|Any CPU.Build.0 = Release|Any CPU
		{E74D67AE-FE69-4892-9935-B7D4CDF47245}.Release|x64.ActiveCfg = Release|Any CPU
		{E74D67AE-FE69-4892-9935-B7D4CDF47245}.Release|x64.Build.0 = Release|Any CPU
		{E74D67AE-FE69-4892-9935-B7D4CDF47245}.Release|x86.ActiveCfg = Release|Any CPU
		{E74D67AE-FE69-4892-9935-B7D4CDF47245}.Release|x86.Build.0 = Release|Any CPU
	EndGlobalSection
	GlobalSection(SolutionProperties) = preSolution
		HideSolutionNode = FALSE
	EndGlobalSection
	GlobalSection(NestedProjects) = preSolution
		{260217C1-7BF3-9E64-924F-73F3C39B3DD9} = {07C2787E-EAC7-C090-1BA3-A61EC2A24D84}
		{5FBF5E6C-1FD9-23A8-273F-F1D8ECA2BDBA} = {0C88DD14-F956-CE84-757C-A364CCF449FC}
		{91377FCD-C16F-DB7A-4339-F7075EAA263C} = {0C88DD14-F956-CE84-757C-A364CCF449FC}
		{748EB379-4BD8-5B84-9ACC-B83377C2A88D} = {0C88DD14-F956-CE84-757C-A364CCF449FC}
		{F7077A4E-909A-A8A8-AE76-DFB334B1931D} = {0C88DD14-F956-CE84-757C-A364CCF449FC}
		{7E558B6D-FAF3-9D44-7003-32608EE62C22} = {FA8A28C8-4B59-8028-2ACF-626D05B08DB7}
		{DFC846F5-8806-E488-BB37-95E350C0216F} = {FA8A28C8-4B59-8028-2ACF-626D05B08DB7}
		{69B0B48D-1173-3283-B229-722E327186CB} = {827E0CD3-B72D-47B6-A68D-7590B98EB39B}
		{B7F0D4A8-5F0A-5F91-86FA-4C6A99FE1D69} = {827E0CD3-B72D-47B6-A68D-7590B98EB39B}
		{0E8FFA2F-8C93-453C-FF3C-24617CD6D860} = {827E0CD3-B72D-47B6-A68D-7590B98EB39B}
		{AD728FED-4BB6-DA4F-604B-177077217B25} = {827E0CD3-B72D-47B6-A68D-7590B98EB39B}
		{5EF4AEC8-4FE9-270F-A4BF-A714BC47A8A7} = {827E0CD3-B72D-47B6-A68D-7590B98EB39B}
		{C4D47FCA-A33D-AAED-22BA-F02078E466DD} = {827E0CD3-B72D-47B6-A68D-7590B98EB39B}
		{1F9E7139-8D7E-61A0-9EC4-EB5D0E8FB587} = {827E0CD3-B72D-47B6-A68D-7590B98EB39B}
		{49A24759-7A39-3252-435D-D178D86B7FC0} = {827E0CD3-B72D-47B6-A68D-7590B98EB39B}
		{4C77EDC7-7675-A3BF-3188-74EB7029746F} = {827E0CD3-B72D-47B6-A68D-7590B98EB39B}
		{9029A732-D418-4D64-89FD-1E2F6691E183} = {827E0CD3-B72D-47B6-A68D-7590B98EB39B}
		{C2879623-112F-FDBF-C99A-8D7657CA002E} = {827E0CD3-B72D-47B6-A68D-7590B98EB39B}
		{FE04A413-2549-6641-DA12-3217A35EF9CE} = {827E0CD3-B72D-47B6-A68D-7590B98EB39B}
		{F9EF7BCD-B368-BAA1-1CBF-1666981C3006} = {827E0CD3-B72D-47B6-A68D-7590B98EB39B}
		{E464C244-6DEB-0CD0-C9B8-4BA41094154C} = {827E0CD3-B72D-47B6-A68D-7590B98EB39B}
		{8AA55EBD-6C2E-852D-C8F3-3EF7CF94C222} = {827E0CD3-B72D-47B6-A68D-7590B98EB39B}
		{696FEF61-6439-7319-0E8D-F710E9034FFA} = {827E0CD3-B72D-47B6-A68D-7590B98EB39B}
		{42CA4449-727F-2DBB-D373-ECB315D84F28} = {827E0CD3-B72D-47B6-A68D-7590B98EB39B}
		{F9B61BD4-650C-4BF4-9814-22EE5E5A6DC7} = {827E0CD3-B72D-47B6-A68D-7590B98EB39B}
		{9AA68784-537C-4878-875C-5D29F3ECFBF3} = {FA8A28C8-4B59-8028-2ACF-626D05B08DB7}
		{430F5169-E7C6-476E-B95E-0770BB881F9B} = {FA8A28C8-4B59-8028-2ACF-626D05B08DB7}
		{7E0CBD82-93D7-4935-8AAC-FF89EF894B99} = {FA8A28C8-4B59-8028-2ACF-626D05B08DB7}
		{F25E14EA-78AC-40CF-A63E-FBAD44174CF4} = {FA8A28C8-4B59-8028-2ACF-626D05B08DB7}
		{405559DE-FD53-4DB1-B6A4-465625049594} = {827E0CD3-B72D-47B6-A68D-7590B98EB39B}
		{5581274B-02F6-C591-4A9B-D5600EAF20C0} = {827E0CD3-B72D-47B6-A68D-7590B98EB39B}
		{621C7F20-0496-4B24-9B0C-D31744D8022B} = {5581274B-02F6-C591-4A9B-D5600EAF20C0}
		{E74D67AE-FE69-4892-9935-B7D4CDF47245} = {5581274B-02F6-C591-4A9B-D5600EAF20C0}
	EndGlobalSection
	GlobalSection(ExtensibilityGlobals) = postSolution
		SolutionGuid = {51D7ED3B-017F-43AD-A2F0-F14BF8A9FFAF}
	EndGlobalSection
EndGlobal
