[[external_source]]
id = "fkst-packages"
git = "https://github.com/eanz17/fkst-packages.git"

[external_source.intent]
rev = "16c14ae0d84fd0b0bbc0e93cdd75320a36c3ba42"

[external_source.resolved]
rev = "16c14ae0d84fd0b0bbc0e93cdd75320a36c3ba42"
tree_sha256 = "sha256-4daa7da2dcd818ed948a36eca1c8272aa9bbcfc781698e49d64fc4ced0d8e239"
